// !$*UTF8*$!
{
	archiveVersion = 1;
	classes = {
	};
	objectVersion = 56;
	objects = {

/* Begin PBXBuildFile section */
		A41BA36B2D441BBE0090C02F /* TransitionsInfoView.swift in Sources */ = {isa = PBXBuildFile; fileRef = A41BA36A2D441BBE0090C02F /* TransitionsInfoView.swift */; };
		A4213D992C0E1E9800C719DE /* LoginView.swift in Sources */ = {isa = PBXBuildFile; fileRef = A4213D982C0E1E9800C719DE /* LoginView.swift */; };
		A4213D9B2C0E205100C719DE /* LoginRequest.swift in Sources */ = {isa = PBXBuildFile; fileRef = A4213D9A2C0E205100C719DE /* LoginRequest.swift */; };
		A42525E52BE53CE200C10D0C /* Person.swift in Sources */ = {isa = PBXBuildFile; fileRef = A42525E42BE53CE200C10D0C /* Person.swift */; };
		A42525E92BE53E5A00C10D0C /* PersonsView.swift in Sources */ = {isa = PBXBuildFile; fileRef = A42525E82BE53E5A00C10D0C /* PersonsView.swift */; };
		A428B1122B96266D00BA62CA /* RandomNumber.swift in Sources */ = {isa = PBXBuildFile; fileRef = A428B1112B96266D00BA62CA /* RandomNumber.swift */; };
		A42953772BB5CF86000F0D60 /* ContactsView.swift in Sources */ = {isa = PBXBuildFile; fileRef = A42953762BB5CF86000F0D60 /* ContactsView.swift */; };
		A429537A2BB5CFD1000F0D60 /* ContactFormView.swift in Sources */ = {isa = PBXBuildFile; fileRef = A42953792BB5CFD1000F0D60 /* ContactFormView.swift */; };
		A42D65482B8E448B00F996AA /* LaunchScreen.storyboard in Resources */ = {isa = PBXBuildFile; fileRef = A42D65472B8E448B00F996AA /* LaunchScreen.storyboard */; };
		A42FA3D62BB329FB00CFBFEE /* Contacts.xcdatamodeld in Sources */ = {isa = PBXBuildFile; fileRef = A42FA3D42BB329FB00CFBFEE /* Contacts.xcdatamodeld */; };
		A42FA3D92BB32C4D00CFBFEE /* Contact.swift in Sources */ = {isa = PBXBuildFile; fileRef = A42FA3D82BB32C4D00CFBFEE /* Contact.swift */; };
		A4314D672BA9E99B008969CE /* MenuView.swift in Sources */ = {isa = PBXBuildFile; fileRef = A4314D662BA9E99B008969CE /* MenuView.swift */; };
		A4314D692BA9EBA2008969CE /* Topic.swift in Sources */ = {isa = PBXBuildFile; fileRef = A4314D682BA9EBA2008969CE /* Topic.swift */; };
		A43215612B9A16EB008F4124 /* CounterView.swift in Sources */ = {isa = PBXBuildFile; fileRef = A43215602B9A16EB008F4124 /* CounterView.swift */; };
		A43FA9B62C04E8E100E7F8D9 /* BaseResponse.swift in Sources */ = {isa = PBXBuildFile; fileRef = A43FA9B52C04E8E100E7F8D9 /* BaseResponse.swift */; };
		A43FA9B82C04EAE800E7F8D9 /* UserResponse.swift in Sources */ = {isa = PBXBuildFile; fileRef = A43FA9B72C04EAE800E7F8D9 /* UserResponse.swift */; };
		A443C6D22D558C9400B5E145 /* OnboardingView.swift in Sources */ = {isa = PBXBuildFile; fileRef = A443C6D12D558C9400B5E145 /* OnboardingView.swift */; };
		A443C6D52D5591CC00B5E145 /* OnboardingOne.swift in Sources */ = {isa = PBXBuildFile; fileRef = A443C6D42D5591CC00B5E145 /* OnboardingOne.swift */; };
		A443C6D72D5591D600B5E145 /* OnboardingTwo.swift in Sources */ = {isa = PBXBuildFile; fileRef = A443C6D62D5591D600B5E145 /* OnboardingTwo.swift */; };
		A443C6DA2D5591E300B5E145 /* OnboardingThree.swift in Sources */ = {isa = PBXBuildFile; fileRef = A443C6D92D5591E300B5E145 /* OnboardingThree.swift */; };
		A443C6DC2D55920F00B5E145 /* OnboardingHome.swift in Sources */ = {isa = PBXBuildFile; fileRef = A443C6DB2D55920F00B5E145 /* OnboardingHome.swift */; };
		A443C6DF2D5AA41D00B5E145 /* ChartsView.swift in Sources */ = {isa = PBXBuildFile; fileRef = A443C6DE2D5AA41D00B5E145 /* ChartsView.swift */; };
		A447B3742C2F11BF00BF4BCE /* FirebaseContentView.swift in Sources */ = {isa = PBXBuildFile; fileRef = A447B3732C2F11BF00BF4BCE /* FirebaseContentView.swift */; };
		A44D14682D81E722006883DB /* ImageClassifier.mlmodel in Sources */ = {isa = PBXBuildFile; fileRef = A44D14672D81E722006883DB /* ImageClassifier.mlmodel */; };
		A44E4BF12C38509500766516 /* GetPosts.swift in Sources */ = {isa = PBXBuildFile; fileRef = A44E4BF02C38509500766516 /* GetPosts.swift */; };
		A453FDEF2B9B710000BC02BC /* SecondCounterView.swift in Sources */ = {isa = PBXBuildFile; fileRef = A453FDEE2B9B710000BC02BC /* SecondCounterView.swift */; };
		A4568AD02C49769C00C11DE8 /* Loader.swift in Sources */ = {isa = PBXBuildFile; fileRef = A4568ACF2C49769C00C11DE8 /* Loader.swift */; };
		A4568AD32C49798400C11DE8 /* FirebaseImageView.swift in Sources */ = {isa = PBXBuildFile; fileRef = A4568AD22C49798400C11DE8 /* FirebaseImageView.swift */; };
		A470C91C2BF7B45600AF0F4D /* PetsView.swift in Sources */ = {isa = PBXBuildFile; fileRef = A470C91B2BF7B45600AF0F4D /* PetsView.swift */; };
		A47493BC2C25E29900CF9281 /* AppDelegate.swift in Sources */ = {isa = PBXBuildFile; fileRef = A47493BB2C25E29900CF9281 /* AppDelegate.swift */; };
		A47F9DA22BDFF6FF0057398D /* Maps.storyboard in Resources */ = {isa = PBXBuildFile; fileRef = A47F9DA12BDFF6FF0057398D /* Maps.storyboard */; };
		A47F9DA52BDFF7430057398D /* MapViewController.swift in Sources */ = {isa = PBXBuildFile; fileRef = A47F9DA42BDFF7430057398D /* MapViewController.swift */; };
		A47F9DA72BDFFA1D0057398D /* CoordinatesViewController.swift in Sources */ = {isa = PBXBuildFile; fileRef = A47F9DA62BDFFA1D0057398D /* CoordinatesViewController.swift */; };
		A48157DD2C06304A00FCB379 /* NetworkManager.swift in Sources */ = {isa = PBXBuildFile; fileRef = A48157DC2C06304A00FCB379 /* NetworkManager.swift */; };
		A48157DF2C06340C00FCB379 /* UsersView.swift in Sources */ = {isa = PBXBuildFile; fileRef = A48157DE2C06340C00FCB379 /* UsersView.swift */; };
		A481DF9F2D80926100ACA675 /* VisionImagesView.swift in Sources */ = {isa = PBXBuildFile; fileRef = A481DF9E2D80926100ACA675 /* VisionImagesView.swift */; };
		A481DFA22D8092E000ACA675 /* VisionModel.swift in Sources */ = {isa = PBXBuildFile; fileRef = A481DFA12D8092E000ACA675 /* VisionModel.swift */; };
		A481DFA62D80961F00ACA675 /* VisionImageDetailView.swift in Sources */ = {isa = PBXBuildFile; fileRef = A481DFA52D80961F00ACA675 /* VisionImageDetailView.swift */; };
		A484DA9C2D35740B00CA274F /* HelloNotificationsView.swift in Sources */ = {isa = PBXBuildFile; fileRef = A484DA9B2D35740B00CA274F /* HelloNotificationsView.swift */; };
		A484DA9F2D36F77C00CA274F /* AnimationsView.swift in Sources */ = {isa = PBXBuildFile; fileRef = A484DA9E2D36F77C00CA274F /* AnimationsView.swift */; };
		A484DAA22D3717CF00CA274F /* BasicAnimationsView.swift in Sources */ = {isa = PBXBuildFile; fileRef = A484DAA12D3717CF00CA274F /* BasicAnimationsView.swift */; };
		A484DAA42D3717E700CA274F /* TransformationsView.swift in Sources */ = {isa = PBXBuildFile; fileRef = A484DAA32D3717E700CA274F /* TransformationsView.swift */; };
		A484DAA62D37180B00CA274F /* TransitionsView.swift in Sources */ = {isa = PBXBuildFile; fileRef = A484DAA52D37180B00CA274F /* TransitionsView.swift */; };
		A49139612BAB363900C7D701 /* DarkModeView.swift in Sources */ = {isa = PBXBuildFile; fileRef = A49139602BAB363900C7D701 /* DarkModeView.swift */; };
		A4A7AF2A2D5BCEEA00B33034 /* BarView.swift in Sources */ = {isa = PBXBuildFile; fileRef = A4A7AF292D5BCEEA00B33034 /* BarView.swift */; };
		A4A8627A2C0F6FBD003196DB /* LoginResponse.swift in Sources */ = {isa = PBXBuildFile; fileRef = A4A862792C0F6FBD003196DB /* LoginResponse.swift */; };
		A4A950332D33262F00C2C668 /* LocalNotificationsView.swift in Sources */ = {isa = PBXBuildFile; fileRef = A4A950322D33262F00C2C668 /* LocalNotificationsView.swift */; };
		A4A950362D344CC100C2C668 /* cat.jpeg in Resources */ = {isa = PBXBuildFile; fileRef = A4A950352D344CC100C2C668 /* cat.jpeg */; };
		A4A997342C36FD8500779F62 /* Post.swift in Sources */ = {isa = PBXBuildFile; fileRef = A4A997332C36FD8500779F62 /* Post.swift */; };
		A4BFDE672C29CC2F001840B3 /* FirebaseHomeView.swift in Sources */ = {isa = PBXBuildFile; fileRef = A4BFDE662C29CC2F001840B3 /* FirebaseHomeView.swift */; };
		A4BFDE6B2C29CED2001840B3 /* FirebaseLoginView.swift in Sources */ = {isa = PBXBuildFile; fileRef = A4BFDE6A2C29CED2001840B3 /* FirebaseLoginView.swift */; };
		A4C31DCC2D78A752005F7EFA /* VisionTextView.swift in Sources */ = {isa = PBXBuildFile; fileRef = A4C31DCB2D78A752005F7EFA /* VisionTextView.swift */; };
		A4C31DCF2D78A7CF005F7EFA /* TextRecognizer.swift in Sources */ = {isa = PBXBuildFile; fileRef = A4C31DCE2D78A7C7005F7EFA /* TextRecognizer.swift */; };
		A4C31DD12D78AC02005F7EFA /* ScannerView.swift in Sources */ = {isa = PBXBuildFile; fileRef = A4C31DD02D78AC02005F7EFA /* ScannerView.swift */; };
		A4D25FB52BD2E42B00278358 /* MapMenuView.swift in Sources */ = {isa = PBXBuildFile; fileRef = A4D25FB42BD2E42B00278358 /* MapMenuView.swift */; };
		A4D25FB72BD2E47700278358 /* MapView.swift in Sources */ = {isa = PBXBuildFile; fileRef = A4D25FB62BD2E47700278358 /* MapView.swift */; };
		A4D25FB92BD2E4A200278358 /* LocationView.swift in Sources */ = {isa = PBXBuildFile; fileRef = A4D25FB82BD2E4A200278358 /* LocationView.swift */; };
		A4D25FBB2BD2E51200278358 /* UIKitMapView.swift in Sources */ = {isa = PBXBuildFile; fileRef = A4D25FBA2BD2E51200278358 /* UIKitMapView.swift */; };
		A4D5DD662C3306BA005C23DF /* FirebasePostFormView.swift in Sources */ = {isa = PBXBuildFile; fileRef = A4D5DD652C3306BA005C23DF /* FirebasePostFormView.swift */; };
		A4D634212D5D0FDD00E33B4C /* ChartData.swift in Sources */ = {isa = PBXBuildFile; fileRef = A4D634202D5D0FDD00E33B4C /* ChartData.swift */; };
		A4E118652B87A9790008E2AB /* SwiftUIBasicsApp.swift in Sources */ = {isa = PBXBuildFile; fileRef = A4E118642B87A9790008E2AB /* SwiftUIBasicsApp.swift */; };
		A4E118672B87A9790008E2AB /* ContentView.swift in Sources */ = {isa = PBXBuildFile; fileRef = A4E118662B87A9790008E2AB /* ContentView.swift */; };
		A4E118692B87A97A0008E2AB /* Assets.xcassets in Resources */ = {isa = PBXBuildFile; fileRef = A4E118682B87A97A0008E2AB /* Assets.xcassets */; };
		A4E1186C2B87A97A0008E2AB /* Preview Assets.xcassets in Resources */ = {isa = PBXBuildFile; fileRef = A4E1186B2B87A97A0008E2AB /* Preview Assets.xcassets */; };
		A4E296B12D70BE8D0043BD73 /* TranslationView.swift in Sources */ = {isa = PBXBuildFile; fileRef = A4E296B02D70BE8D0043BD73 /* TranslationView.swift */; };
		A4E296B32D70C3260043BD73 /* Localizable.xcstrings in Resources */ = {isa = PBXBuildFile; fileRef = A4E296B22D70C3260043BD73 /* Localizable.xcstrings */; };
		A4E49DFE2C25DE5D00A0536F /* GoogleService-Info.plist in Resources */ = {isa = PBXBuildFile; fileRef = A4E49DFD2C25DE5D00A0536F /* GoogleService-Info.plist */; };
		A4E668602D664F0800E5AD70 /* CircularProgressBarView.swift in Sources */ = {isa = PBXBuildFile; fileRef = A4E6685F2D664F0800E5AD70 /* CircularProgressBarView.swift */; };
		A4E668632D665F9400E5AD70 /* CircularBarView.swift in Sources */ = {isa = PBXBuildFile; fileRef = A4E668622D665F9400E5AD70 /* CircularBarView.swift */; };
		A4E668682D6784EB00E5AD70 /* AudioPlayerView.swift in Sources */ = {isa = PBXBuildFile; fileRef = A4E668672D6784EB00E5AD70 /* AudioPlayerView.swift */; };
		A4E6686D2D6787CD00E5AD70 /* song3.wav in Resources */ = {isa = PBXBuildFile; fileRef = A4E6686C2D6787CD00E5AD70 /* song3.wav */; };
		A4E6686E2D6787CD00E5AD70 /* song1.wav in Resources */ = {isa = PBXBuildFile; fileRef = A4E6686A2D6787CD00E5AD70 /* song1.wav */; };
		A4E6686F2D6787CD00E5AD70 /* song2.wav in Resources */ = {isa = PBXBuildFile; fileRef = A4E6686B2D6787CD00E5AD70 /* song2.wav */; };
		A4E8AF362BF3BD9900054C61 /* Pet.swift in Sources */ = {isa = PBXBuildFile; fileRef = A4E8AF352BF3BD9900054C61 /* Pet.swift */; };
		A4E91D552BE92E2F0072C7F1 /* PersonFormView.swift in Sources */ = {isa = PBXBuildFile; fileRef = A4E91D542BE92E2F0072C7F1 /* PersonFormView.swift */; };
		A4F2562D2B9236A200DC8791 /* Song.swift in Sources */ = {isa = PBXBuildFile; fileRef = A4F2562C2B9236A200DC8791 /* Song.swift */; };
		A4F86AD62BC4454F001B5AF0 /* Place.swift in Sources */ = {isa = PBXBuildFile; fileRef = A4F86AD52BC4454F001B5AF0 /* Place.swift */; };
		A4F86AD82BC445AF001B5AF0 /* PlacesView.swift in Sources */ = {isa = PBXBuildFile; fileRef = A4F86AD72BC445AF001B5AF0 /* PlacesView.swift */; };
		A4F86ADA2BC445C0001B5AF0 /* PlaceFormView.swift in Sources */ = {isa = PBXBuildFile; fileRef = A4F86AD92BC445C0001B5AF0 /* PlaceFormView.swift */; };
		A4F86ADC2BC445F1001B5AF0 /* PlacesNavigationBarView.swift in Sources */ = {isa = PBXBuildFile; fileRef = A4F86ADB2BC445F1001B5AF0 /* PlacesNavigationBarView.swift */; };
		A4F86ADE2BC44890001B5AF0 /* PlacesHomeView.swift in Sources */ = {isa = PBXBuildFile; fileRef = A4F86ADD2BC44890001B5AF0 /* PlacesHomeView.swift */; };
		A4FA0D1D2BB7153D0084AD1A /* ContactCellView.swift in Sources */ = {isa = PBXBuildFile; fileRef = A4FA0D1C2BB7153D0084AD1A /* ContactCellView.swift */; };
		A4FA0D1F2BB717FE0084AD1A /* ContactDetailView.swift in Sources */ = {isa = PBXBuildFile; fileRef = A4FA0D1E2BB717FE0084AD1A /* ContactDetailView.swift */; };
		A4FA0D402BB720360084AD1A /* Persistence.swift in Sources */ = {isa = PBXBuildFile; fileRef = A4FA0D3F2BB720360084AD1A /* Persistence.swift */; };
		D66EA49A6D77073AF1FA8109 /* Pods_SwiftUIBasics.framework in Frameworks */ = {isa = PBXBuildFile; fileRef = A46E90AFCB46F02A664DC7E0 /* Pods_SwiftUIBasics.framework */; };
/* End PBXBuildFile section */

/* Begin PBXFileReference section */
		140080071B7783E4CE3D9886 /* Pods-SwiftUIBasics.release.xcconfig */ = {isa = PBXFileReference; includeInIndex = 1; lastKnownFileType = text.xcconfig; name = "Pods-SwiftUIBasics.release.xcconfig"; path = "Target Support Files/Pods-SwiftUIBasics/Pods-SwiftUIBasics.release.xcconfig"; sourceTree = "<group>"; };
		3E01706226CE52E4B36776FD /* Pods-SwiftUIBasics.debug.xcconfig */ = {isa = PBXFileReference; includeInIndex = 1; lastKnownFileType = text.xcconfig; name = "Pods-SwiftUIBasics.debug.xcconfig"; path = "Target Support Files/Pods-SwiftUIBasics/Pods-SwiftUIBasics.debug.xcconfig"; sourceTree = "<group>"; };
		A41BA36A2D441BBE0090C02F /* TransitionsInfoView.swift */ = {isa = PBXFileReference; lastKnownFileType = sourcecode.swift; path = TransitionsInfoView.swift; sourceTree = "<group>"; };
		A4213D982C0E1E9800C719DE /* LoginView.swift */ = {isa = PBXFileReference; lastKnownFileType = sourcecode.swift; path = LoginView.swift; sourceTree = "<group>"; };
		A4213D9A2C0E205100C719DE /* LoginRequest.swift */ = {isa = PBXFileReference; lastKnownFileType = sourcecode.swift; path = LoginRequest.swift; sourceTree = "<group>"; };
		A42525E42BE53CE200C10D0C /* Person.swift */ = {isa = PBXFileReference; lastKnownFileType = sourcecode.swift; path = Person.swift; sourceTree = "<group>"; };
		A42525E82BE53E5A00C10D0C /* PersonsView.swift */ = {isa = PBXFileReference; lastKnownFileType = sourcecode.swift; path = PersonsView.swift; sourceTree = "<group>"; };
		A428B1112B96266D00BA62CA /* RandomNumber.swift */ = {isa = PBXFileReference; lastKnownFileType = sourcecode.swift; path = RandomNumber.swift; sourceTree = "<group>"; };
		A42953762BB5CF86000F0D60 /* ContactsView.swift */ = {isa = PBXFileReference; lastKnownFileType = sourcecode.swift; path = ContactsView.swift; sourceTree = "<group>"; };
		A42953792BB5CFD1000F0D60 /* ContactFormView.swift */ = {isa = PBXFileReference; lastKnownFileType = sourcecode.swift; path = ContactFormView.swift; sourceTree = "<group>"; };
		A42D65472B8E448B00F996AA /* LaunchScreen.storyboard */ = {isa = PBXFileReference; lastKnownFileType = file.storyboard; path = LaunchScreen.storyboard; sourceTree = "<group>"; };
		A42FA3D52BB329FB00CFBFEE /* Contacts.xcdatamodel */ = {isa = PBXFileReference; lastKnownFileType = wrapper.xcdatamodel; path = Contacts.xcdatamodel; sourceTree = "<group>"; };
		A42FA3D82BB32C4D00CFBFEE /* Contact.swift */ = {isa = PBXFileReference; lastKnownFileType = sourcecode.swift; path = Contact.swift; sourceTree = "<group>"; };
		A4314D662BA9E99B008969CE /* MenuView.swift */ = {isa = PBXFileReference; lastKnownFileType = sourcecode.swift; path = MenuView.swift; sourceTree = "<group>"; };
		A4314D682BA9EBA2008969CE /* Topic.swift */ = {isa = PBXFileReference; lastKnownFileType = sourcecode.swift; path = Topic.swift; sourceTree = "<group>"; };
		A43215602B9A16EB008F4124 /* CounterView.swift */ = {isa = PBXFileReference; lastKnownFileType = sourcecode.swift; path = CounterView.swift; sourceTree = "<group>"; };
		A43FA9B52C04E8E100E7F8D9 /* BaseResponse.swift */ = {isa = PBXFileReference; lastKnownFileType = sourcecode.swift; path = BaseResponse.swift; sourceTree = "<group>"; };
		A43FA9B72C04EAE800E7F8D9 /* UserResponse.swift */ = {isa = PBXFileReference; lastKnownFileType = sourcecode.swift; path = UserResponse.swift; sourceTree = "<group>"; };
		A443C6D12D558C9400B5E145 /* OnboardingView.swift */ = {isa = PBXFileReference; lastKnownFileType = sourcecode.swift; path = OnboardingView.swift; sourceTree = "<group>"; };
		A443C6D42D5591CC00B5E145 /* OnboardingOne.swift */ = {isa = PBXFileReference; lastKnownFileType = sourcecode.swift; path = OnboardingOne.swift; sourceTree = "<group>"; };
		A443C6D62D5591D600B5E145 /* OnboardingTwo.swift */ = {isa = PBXFileReference; lastKnownFileType = sourcecode.swift; path = OnboardingTwo.swift; sourceTree = "<group>"; };
		A443C6D92D5591E300B5E145 /* OnboardingThree.swift */ = {isa = PBXFileReference; lastKnownFileType = sourcecode.swift; path = OnboardingThree.swift; sourceTree = "<group>"; };
		A443C6DB2D55920F00B5E145 /* OnboardingHome.swift */ = {isa = PBXFileReference; lastKnownFileType = sourcecode.swift; path = OnboardingHome.swift; sourceTree = "<group>"; };
		A443C6DE2D5AA41D00B5E145 /* ChartsView.swift */ = {isa = PBXFileReference; lastKnownFileType = sourcecode.swift; path = ChartsView.swift; sourceTree = "<group>"; };
		A447B3732C2F11BF00BF4BCE /* FirebaseContentView.swift */ = {isa = PBXFileReference; lastKnownFileType = sourcecode.swift; path = FirebaseContentView.swift; sourceTree = "<group>"; };
		A44D14672D81E722006883DB /* ImageClassifier.mlmodel */ = {isa = PBXFileReference; lastKnownFileType = file.mlmodel; path = ImageClassifier.mlmodel; sourceTree = "<group>"; };
		A44E4BF02C38509500766516 /* GetPosts.swift */ = {isa = PBXFileReference; lastKnownFileType = sourcecode.swift; path = GetPosts.swift; sourceTree = "<group>"; };
		A453FDEE2B9B710000BC02BC /* SecondCounterView.swift */ = {isa = PBXFileReference; lastKnownFileType = sourcecode.swift; path = SecondCounterView.swift; sourceTree = "<group>"; };
		A4568ACF2C49769C00C11DE8 /* Loader.swift */ = {isa = PBXFileReference; lastKnownFileType = sourcecode.swift; path = Loader.swift; sourceTree = "<group>"; };
		A4568AD22C49798400C11DE8 /* FirebaseImageView.swift */ = {isa = PBXFileReference; lastKnownFileType = sourcecode.swift; path = FirebaseImageView.swift; sourceTree = "<group>"; };
		A46E90AFCB46F02A664DC7E0 /* Pods_SwiftUIBasics.framework */ = {isa = PBXFileReference; explicitFileType = wrapper.framework; includeInIndex = 0; path = Pods_SwiftUIBasics.framework; sourceTree = BUILT_PRODUCTS_DIR; };
		A470C91B2BF7B45600AF0F4D /* PetsView.swift */ = {isa = PBXFileReference; lastKnownFileType = sourcecode.swift; path = PetsView.swift; sourceTree = "<group>"; };
		A47493BB2C25E29900CF9281 /* AppDelegate.swift */ = {isa = PBXFileReference; lastKnownFileType = sourcecode.swift; path = AppDelegate.swift; sourceTree = "<group>"; };
		A47F9DA12BDFF6FF0057398D /* Maps.storyboard */ = {isa = PBXFileReference; lastKnownFileType = file.storyboard; path = Maps.storyboard; sourceTree = "<group>"; };
		A47F9DA42BDFF7430057398D /* MapViewController.swift */ = {isa = PBXFileReference; lastKnownFileType = sourcecode.swift; path = MapViewController.swift; sourceTree = "<group>"; };
		A47F9DA62BDFFA1D0057398D /* CoordinatesViewController.swift */ = {isa = PBXFileReference; lastKnownFileType = sourcecode.swift; path = CoordinatesViewController.swift; sourceTree = "<group>"; };
		A48157DC2C06304A00FCB379 /* NetworkManager.swift */ = {isa = PBXFileReference; lastKnownFileType = sourcecode.swift; path = NetworkManager.swift; sourceTree = "<group>"; };
		A48157DE2C06340C00FCB379 /* UsersView.swift */ = {isa = PBXFileReference; lastKnownFileType = sourcecode.swift; path = UsersView.swift; sourceTree = "<group>"; };
		A481DF9E2D80926100ACA675 /* VisionImagesView.swift */ = {isa = PBXFileReference; lastKnownFileType = sourcecode.swift; path = VisionImagesView.swift; sourceTree = "<group>"; };
		A481DFA12D8092E000ACA675 /* VisionModel.swift */ = {isa = PBXFileReference; lastKnownFileType = sourcecode.swift; path = VisionModel.swift; sourceTree = "<group>"; };
		A481DFA52D80961F00ACA675 /* VisionImageDetailView.swift */ = {isa = PBXFileReference; lastKnownFileType = sourcecode.swift; path = VisionImageDetailView.swift; sourceTree = "<group>"; };
		A484DA9B2D35740B00CA274F /* HelloNotificationsView.swift */ = {isa = PBXFileReference; lastKnownFileType = sourcecode.swift; path = HelloNotificationsView.swift; sourceTree = "<group>"; };
		A484DA9E2D36F77C00CA274F /* AnimationsView.swift */ = {isa = PBXFileReference; lastKnownFileType = sourcecode.swift; path = AnimationsView.swift; sourceTree = "<group>"; };
		A484DAA12D3717CF00CA274F /* BasicAnimationsView.swift */ = {isa = PBXFileReference; lastKnownFileType = sourcecode.swift; path = BasicAnimationsView.swift; sourceTree = "<group>"; };
		A484DAA32D3717E700CA274F /* TransformationsView.swift */ = {isa = PBXFileReference; lastKnownFileType = sourcecode.swift; path = TransformationsView.swift; sourceTree = "<group>"; };
		A484DAA52D37180B00CA274F /* TransitionsView.swift */ = {isa = PBXFileReference; lastKnownFileType = sourcecode.swift; path = TransitionsView.swift; sourceTree = "<group>"; };
		A49139602BAB363900C7D701 /* DarkModeView.swift */ = {isa = PBXFileReference; lastKnownFileType = sourcecode.swift; path = DarkModeView.swift; sourceTree = "<group>"; };
		A49B8C3A2D6E2641003C21E1 /* Info.plist */ = {isa = PBXFileReference; lastKnownFileType = text.plist; path = Info.plist; sourceTree = "<group>"; };
		A4A7AF292D5BCEEA00B33034 /* BarView.swift */ = {isa = PBXFileReference; lastKnownFileType = sourcecode.swift; path = BarView.swift; sourceTree = "<group>"; };
		A4A862792C0F6FBD003196DB /* LoginResponse.swift */ = {isa = PBXFileReference; lastKnownFileType = sourcecode.swift; path = LoginResponse.swift; sourceTree = "<group>"; };
		A4A950322D33262F00C2C668 /* LocalNotificationsView.swift */ = {isa = PBXFileReference; lastKnownFileType = sourcecode.swift; path = LocalNotificationsView.swift; sourceTree = "<group>"; };
		A4A950352D344CC100C2C668 /* cat.jpeg */ = {isa = PBXFileReference; lastKnownFileType = image.jpeg; path = cat.jpeg; sourceTree = "<group>"; };
		A4A997332C36FD8500779F62 /* Post.swift */ = {isa = PBXFileReference; lastKnownFileType = sourcecode.swift; path = Post.swift; sourceTree = "<group>"; };
		A4BFDE662C29CC2F001840B3 /* FirebaseHomeView.swift */ = {isa = PBXFileReference; lastKnownFileType = sourcecode.swift; path = FirebaseHomeView.swift; sourceTree = "<group>"; };
		A4BFDE6A2C29CED2001840B3 /* FirebaseLoginView.swift */ = {isa = PBXFileReference; lastKnownFileType = sourcecode.swift; path = FirebaseLoginView.swift; sourceTree = "<group>"; };
		A4C31DCB2D78A752005F7EFA /* VisionTextView.swift */ = {isa = PBXFileReference; lastKnownFileType = sourcecode.swift; path = VisionTextView.swift; sourceTree = "<group>"; };
		A4C31DCE2D78A7C7005F7EFA /* TextRecognizer.swift */ = {isa = PBXFileReference; lastKnownFileType = sourcecode.swift; path = TextRecognizer.swift; sourceTree = "<group>"; };
		A4C31DD02D78AC02005F7EFA /* ScannerView.swift */ = {isa = PBXFileReference; lastKnownFileType = sourcecode.swift; path = ScannerView.swift; sourceTree = "<group>"; };
		A4D25FB42BD2E42B00278358 /* MapMenuView.swift */ = {isa = PBXFileReference; lastKnownFileType = sourcecode.swift; path = MapMenuView.swift; sourceTree = "<group>"; };
		A4D25FB62BD2E47700278358 /* MapView.swift */ = {isa = PBXFileReference; lastKnownFileType = sourcecode.swift; path = MapView.swift; sourceTree = "<group>"; };
		A4D25FB82BD2E4A200278358 /* LocationView.swift */ = {isa = PBXFileReference; lastKnownFileType = sourcecode.swift; path = LocationView.swift; sourceTree = "<group>"; };
		A4D25FBA2BD2E51200278358 /* UIKitMapView.swift */ = {isa = PBXFileReference; lastKnownFileType = sourcecode.swift; path = UIKitMapView.swift; sourceTree = "<group>"; };
		A4D5DD652C3306BA005C23DF /* FirebasePostFormView.swift */ = {isa = PBXFileReference; lastKnownFileType = sourcecode.swift; path = FirebasePostFormView.swift; sourceTree = "<group>"; };
		A4D634202D5D0FDD00E33B4C /* ChartData.swift */ = {isa = PBXFileReference; lastKnownFileType = sourcecode.swift; path = ChartData.swift; sourceTree = "<group>"; };
		A4E118612B87A9790008E2AB /* SwiftUIBasics.app */ = {isa = PBXFileReference; explicitFileType = wrapper.application; includeInIndex = 0; path = SwiftUIBasics.app; sourceTree = BUILT_PRODUCTS_DIR; };
		A4E118642B87A9790008E2AB /* SwiftUIBasicsApp.swift */ = {isa = PBXFileReference; lastKnownFileType = sourcecode.swift; path = SwiftUIBasicsApp.swift; sourceTree = "<group>"; };
		A4E118662B87A9790008E2AB /* ContentView.swift */ = {isa = PBXFileReference; lastKnownFileType = sourcecode.swift; path = ContentView.swift; sourceTree = "<group>"; };
		A4E118682B87A97A0008E2AB /* Assets.xcassets */ = {isa = PBXFileReference; lastKnownFileType = folder.assetcatalog; path = Assets.xcassets; sourceTree = "<group>"; };
		A4E1186B2B87A97A0008E2AB /* Preview Assets.xcassets */ = {isa = PBXFileReference; lastKnownFileType = folder.assetcatalog; path = "Preview Assets.xcassets"; sourceTree = "<group>"; };
		A4E296B02D70BE8D0043BD73 /* TranslationView.swift */ = {isa = PBXFileReference; lastKnownFileType = sourcecode.swift; path = TranslationView.swift; sourceTree = "<group>"; };
		A4E296B22D70C3260043BD73 /* Localizable.xcstrings */ = {isa = PBXFileReference; lastKnownFileType = text.json.xcstrings; path = Localizable.xcstrings; sourceTree = "<group>"; };
		A4E49DFD2C25DE5D00A0536F /* GoogleService-Info.plist */ = {isa = PBXFileReference; fileEncoding = 4; lastKnownFileType = text.plist.xml; path = "GoogleService-Info.plist"; sourceTree = "<group>"; };
		A4E6685F2D664F0800E5AD70 /* CircularProgressBarView.swift */ = {isa = PBXFileReference; lastKnownFileType = sourcecode.swift; path = CircularProgressBarView.swift; sourceTree = "<group>"; };
		A4E668622D665F9400E5AD70 /* CircularBarView.swift */ = {isa = PBXFileReference; lastKnownFileType = sourcecode.swift; path = CircularBarView.swift; sourceTree = "<group>"; };
		A4E668672D6784EB00E5AD70 /* AudioPlayerView.swift */ = {isa = PBXFileReference; lastKnownFileType = sourcecode.swift; path = AudioPlayerView.swift; sourceTree = "<group>"; };
		A4E6686A2D6787CD00E5AD70 /* song1.wav */ = {isa = PBXFileReference; lastKnownFileType = audio.wav; path = song1.wav; sourceTree = "<group>"; };
		A4E6686B2D6787CD00E5AD70 /* song2.wav */ = {isa = PBXFileReference; lastKnownFileType = audio.wav; path = song2.wav; sourceTree = "<group>"; };
		A4E6686C2D6787CD00E5AD70 /* song3.wav */ = {isa = PBXFileReference; lastKnownFileType = audio.wav; path = song3.wav; sourceTree = "<group>"; };
		A4E8AF352BF3BD9900054C61 /* Pet.swift */ = {isa = PBXFileReference; lastKnownFileType = sourcecode.swift; path = Pet.swift; sourceTree = "<group>"; };
		A4E91D542BE92E2F0072C7F1 /* PersonFormView.swift */ = {isa = PBXFileReference; lastKnownFileType = sourcecode.swift; path = PersonFormView.swift; sourceTree = "<group>"; };
		A4F2562C2B9236A200DC8791 /* Song.swift */ = {isa = PBXFileReference; lastKnownFileType = sourcecode.swift; path = Song.swift; sourceTree = "<group>"; };
		A4F86AD52BC4454F001B5AF0 /* Place.swift */ = {isa = PBXFileReference; lastKnownFileType = sourcecode.swift; path = Place.swift; sourceTree = "<group>"; };
		A4F86AD72BC445AF001B5AF0 /* PlacesView.swift */ = {isa = PBXFileReference; lastKnownFileType = sourcecode.swift; path = PlacesView.swift; sourceTree = "<group>"; };
		A4F86AD92BC445C0001B5AF0 /* PlaceFormView.swift */ = {isa = PBXFileReference; lastKnownFileType = sourcecode.swift; path = PlaceFormView.swift; sourceTree = "<group>"; };
		A4F86ADB2BC445F1001B5AF0 /* PlacesNavigationBarView.swift */ = {isa = PBXFileReference; lastKnownFileType = sourcecode.swift; path = PlacesNavigationBarView.swift; sourceTree = "<group>"; };
		A4F86ADD2BC44890001B5AF0 /* PlacesHomeView.swift */ = {isa = PBXFileReference; lastKnownFileType = sourcecode.swift; path = PlacesHomeView.swift; sourceTree = "<group>"; };
		A4FA0D1C2BB7153D0084AD1A /* ContactCellView.swift */ = {isa = PBXFileReference; lastKnownFileType = sourcecode.swift; path = ContactCellView.swift; sourceTree = "<group>"; };
		A4FA0D1E2BB717FE0084AD1A /* ContactDetailView.swift */ = {isa = PBXFileReference; lastKnownFileType = sourcecode.swift; path = ContactDetailView.swift; sourceTree = "<group>"; };
		A4FA0D3F2BB720360084AD1A /* Persistence.swift */ = {isa = PBXFileReference; fileEncoding = 4; lastKnownFileType = sourcecode.swift; path = Persistence.swift; sourceTree = "<group>"; };
/* End PBXFileReference section */

/* Begin PBXFrameworksBuildPhase section */
		A4E1185E2B87A9790008E2AB /* Frameworks */ = {
			isa = PBXFrameworksBuildPhase;
			buildActionMask = 2147483647;
			files = (
				D66EA49A6D77073AF1FA8109 /* Pods_SwiftUIBasics.framework in Frameworks */,
			);
			runOnlyForDeploymentPostprocessing = 0;
		};
/* End PBXFrameworksBuildPhase section */

/* Begin PBXGroup section */
		076DA1DFD851AFAE35024DC8 /* Pods */ = {
			isa = PBXGroup;
			children = (
				3E01706226CE52E4B36776FD /* Pods-SwiftUIBasics.debug.xcconfig */,
				140080071B7783E4CE3D9886 /* Pods-SwiftUIBasics.release.xcconfig */,
			);
			path = Pods;
			sourceTree = "<group>";
		};
		73852242346FB0C32DFA350A /* Frameworks */ = {
			isa = PBXGroup;
			children = (
				A46E90AFCB46F02A664DC7E0 /* Pods_SwiftUIBasics.framework */,
			);
			name = Frameworks;
			sourceTree = "<group>";
		};
		A42525E22BE53CBB00C10D0C /* CoreData */ = {
			isa = PBXGroup;
			children = (
				A42FA3D82BB32C4D00CFBFEE /* Contact.swift */,
				A4F86AD52BC4454F001B5AF0 /* Place.swift */,
			);
			path = CoreData;
			sourceTree = "<group>";
		};
		A42525E32BE53CC400C10D0C /* Realm */ = {
			isa = PBXGroup;
			children = (
				A42525E42BE53CE200C10D0C /* Person.swift */,
				A4E8AF352BF3BD9900054C61 /* Pet.swift */,
			);
			path = Realm;
			sourceTree = "<group>";
		};
		A42525E62BE53E3E00C10D0C /* Realm */ = {
			isa = PBXGroup;
			children = (
				A42525E82BE53E5A00C10D0C /* PersonsView.swift */,
				A4E91D542BE92E2F0072C7F1 /* PersonFormView.swift */,
				A470C91B2BF7B45600AF0F4D /* PetsView.swift */,
			);
			path = Realm;
			sourceTree = "<group>";
		};
		A42953782BB5CF9C000F0D60 /* Views */ = {
			isa = PBXGroup;
			children = (
				A42953762BB5CF86000F0D60 /* ContactsView.swift */,
				A42953792BB5CFD1000F0D60 /* ContactFormView.swift */,
				A4FA0D1C2BB7153D0084AD1A /* ContactCellView.swift */,
				A4FA0D1E2BB717FE0084AD1A /* ContactDetailView.swift */,
			);
			path = Views;
			sourceTree = "<group>";
		};
		A42FA3D72BB32C3800CFBFEE /* Models */ = {
			isa = PBXGroup;
			children = (
				A42525E32BE53CC400C10D0C /* Realm */,
				A42525E22BE53CBB00C10D0C /* CoreData */,
			);
			path = Models;
			sourceTree = "<group>";
		};
		A43FA9B32C04E74800E7F8D9 /* APIsURLSession */ = {
			isa = PBXGroup;
			children = (
				A4BFDE632C29CC0A001840B3 /* Views */,
				A48157DB2C06304000FCB379 /* Utils */,
				A43FA9B42C04E8D400E7F8D9 /* Models */,
			);
			path = APIsURLSession;
			sourceTree = "<group>";
		};
		A43FA9B42C04E8D400E7F8D9 /* Models */ = {
			isa = PBXGroup;
			children = (
				A43FA9B52C04E8E100E7F8D9 /* BaseResponse.swift */,
				A43FA9B72C04EAE800E7F8D9 /* UserResponse.swift */,
				A4A862792C0F6FBD003196DB /* LoginResponse.swift */,
			);
			path = Models;
			sourceTree = "<group>";
		};
		A443C6D02D558C8400B5E145 /* Onboarding */ = {
			isa = PBXGroup;
			children = (
				A443C6D32D5591B500B5E145 /* Views */,
				A443C6D12D558C9400B5E145 /* OnboardingView.swift */,
			);
			path = Onboarding;
			sourceTree = "<group>";
		};
		A443C6D32D5591B500B5E145 /* Views */ = {
			isa = PBXGroup;
			children = (
				A443C6D42D5591CC00B5E145 /* OnboardingOne.swift */,
				A443C6D62D5591D600B5E145 /* OnboardingTwo.swift */,
				A443C6D92D5591E300B5E145 /* OnboardingThree.swift */,
				A443C6DB2D55920F00B5E145 /* OnboardingHome.swift */,
			);
			path = Views;
			sourceTree = "<group>";
		};
		A443C6DD2D5AA40700B5E145 /* Charts */ = {
			isa = PBXGroup;
			children = (
				A4D6341F2D5D0FCD00E33B4C /* Models */,
				A4A7AF282D5BCECF00B33034 /* Components */,
				A443C6DE2D5AA41D00B5E145 /* ChartsView.swift */,
			);
			path = Charts;
			sourceTree = "<group>";
		};
		A4568AD12C49797700C11DE8 /* Utils */ = {
			isa = PBXGroup;
			children = (
				A4568ACF2C49769C00C11DE8 /* Loader.swift */,
			);
			path = Utils;
			sourceTree = "<group>";
		};
		A47493BA2C25E28700CF9281 /* SupportingFiles */ = {
			isa = PBXGroup;
			children = (
				A47493BB2C25E29900CF9281 /* AppDelegate.swift */,
			);
			path = SupportingFiles;
			sourceTree = "<group>";
		};
		A47F9DA32BDFF7270057398D /* ViewControllers */ = {
			isa = PBXGroup;
			children = (
				A47F9DA42BDFF7430057398D /* MapViewController.swift */,
				A47F9DA62BDFFA1D0057398D /* CoordinatesViewController.swift */,
			);
			path = ViewControllers;
			sourceTree = "<group>";
		};
		A48157DB2C06304000FCB379 /* Utils */ = {
			isa = PBXGroup;
			children = (
				A48157DC2C06304A00FCB379 /* NetworkManager.swift */,
				A4213D9A2C0E205100C719DE /* LoginRequest.swift */,
			);
			path = Utils;
			sourceTree = "<group>";
		};
		A481DF9D2D8091AE00ACA675 /* VisionImages */ = {
			isa = PBXGroup;
			children = (
				A481DFA02D8092BD00ACA675 /* Models */,
				A481DF9E2D80926100ACA675 /* VisionImagesView.swift */,
				A481DFA52D80961F00ACA675 /* VisionImageDetailView.swift */,
			);
			path = VisionImages;
			sourceTree = "<group>";
		};
		A481DFA02D8092BD00ACA675 /* Models */ = {
			isa = PBXGroup;
			children = (
				A44D14672D81E722006883DB /* ImageClassifier.mlmodel */,
				A481DFA12D8092E000ACA675 /* VisionModel.swift */,
			);
			path = Models;
			sourceTree = "<group>";
		};
		A484DA9D2D36F76E00CA274F /* Animations */ = {
			isa = PBXGroup;
			children = (
				A484DAA02D3717B300CA274F /* Views */,
				A484DA9E2D36F77C00CA274F /* AnimationsView.swift */,
			);
			path = Animations;
			sourceTree = "<group>";
		};
		A484DAA02D3717B300CA274F /* Views */ = {
			isa = PBXGroup;
			children = (
				A484DAA12D3717CF00CA274F /* BasicAnimationsView.swift */,
				A484DAA32D3717E700CA274F /* TransformationsView.swift */,
				A484DAA52D37180B00CA274F /* TransitionsView.swift */,
				A41BA36A2D441BBE0090C02F /* TransitionsInfoView.swift */,
			);
			path = Views;
			sourceTree = "<group>";
		};
		A4A7AF282D5BCECF00B33034 /* Components */ = {
			isa = PBXGroup;
			children = (
				A4A7AF292D5BCEEA00B33034 /* BarView.swift */,
			);
			path = Components;
			sourceTree = "<group>";
		};
		A4A9502F2D33260100C2C668 /* LocalNotifications */ = {
			isa = PBXGroup;
			children = (
				A4A950322D33262F00C2C668 /* LocalNotificationsView.swift */,
				A484DA9B2D35740B00CA274F /* HelloNotificationsView.swift */,
			);
			path = LocalNotifications;
			sourceTree = "<group>";
		};
		A4A950342D344CAA00C2C668 /* Assets */ = {
			isa = PBXGroup;
			children = (
				A4E668692D6787C500E5AD70 /* Music */,
				A4A950352D344CC100C2C668 /* cat.jpeg */,
				A4E118682B87A97A0008E2AB /* Assets.xcassets */,
			);
			path = Assets;
			sourceTree = "<group>";
		};
		A4A997322C36FD7400779F62 /* Models */ = {
			isa = PBXGroup;
			children = (
				A4A997332C36FD8500779F62 /* Post.swift */,
				A44E4BF02C38509500766516 /* GetPosts.swift */,
			);
			path = Models;
			sourceTree = "<group>";
		};
		A4BFDE612C29CAD6001840B3 /* Firebase */ = {
			isa = PBXGroup;
			children = (
				A4568AD12C49797700C11DE8 /* Utils */,
				A4A997322C36FD7400779F62 /* Models */,
				A4BFDE642C29CC15001840B3 /* Views */,
			);
			path = Firebase;
			sourceTree = "<group>";
		};
		A4BFDE632C29CC0A001840B3 /* Views */ = {
			isa = PBXGroup;
			children = (
				A48157DE2C06340C00FCB379 /* UsersView.swift */,
				A4213D982C0E1E9800C719DE /* LoginView.swift */,
			);
			path = Views;
			sourceTree = "<group>";
		};
		A4BFDE642C29CC15001840B3 /* Views */ = {
			isa = PBXGroup;
			children = (
				A4568AD22C49798400C11DE8 /* FirebaseImageView.swift */,
				A4BFDE662C29CC2F001840B3 /* FirebaseHomeView.swift */,
				A4BFDE6A2C29CED2001840B3 /* FirebaseLoginView.swift */,
				A447B3732C2F11BF00BF4BCE /* FirebaseContentView.swift */,
				A4D5DD652C3306BA005C23DF /* FirebasePostFormView.swift */,
			);
			path = Views;
			sourceTree = "<group>";
		};
		A4C31DC82D78A726005F7EFA /* VisionText */ = {
			isa = PBXGroup;
			children = (
				A4C31DCD2D78A7BF005F7EFA /* Utils */,
				A4C31DCB2D78A752005F7EFA /* VisionTextView.swift */,
				A4C31DD02D78AC02005F7EFA /* ScannerView.swift */,
			);
			path = VisionText;
			sourceTree = "<group>";
		};
		A4C31DCD2D78A7BF005F7EFA /* Utils */ = {
			isa = PBXGroup;
			children = (
				A4C31DCE2D78A7C7005F7EFA /* TextRecognizer.swift */,
			);
			path = Utils;
			sourceTree = "<group>";
		};
		A4D25FB12BD2E3FF00278358 /* Maps */ = {
			isa = PBXGroup;
			children = (
				A47F9DA32BDFF7270057398D /* ViewControllers */,
				A4D25FB42BD2E42B00278358 /* MapMenuView.swift */,
				A4D25FB62BD2E47700278358 /* MapView.swift */,
				A4D25FB82BD2E4A200278358 /* LocationView.swift */,
				A4D25FBA2BD2E51200278358 /* UIKitMapView.swift */,
				A47F9DA12BDFF6FF0057398D /* Maps.storyboard */,
			);
			path = Maps;
			sourceTree = "<group>";
		};
		A4D6341F2D5D0FCD00E33B4C /* Models */ = {
			isa = PBXGroup;
			children = (
				A4D634202D5D0FDD00E33B4C /* ChartData.swift */,
			);
			path = Models;
			sourceTree = "<group>";
		};
		A4E118582B87A9790008E2AB = {
			isa = PBXGroup;
			children = (
				A4E118632B87A9790008E2AB /* SwiftUIBasics */,
				A4E118622B87A9790008E2AB /* Products */,
				076DA1DFD851AFAE35024DC8 /* Pods */,
				73852242346FB0C32DFA350A /* Frameworks */,
			);
			sourceTree = "<group>";
		};
		A4E118622B87A9790008E2AB /* Products */ = {
			isa = PBXGroup;
			children = (
				A4E118612B87A9790008E2AB /* SwiftUIBasics.app */,
			);
			name = Products;
			sourceTree = "<group>";
		};
		A4E118632B87A9790008E2AB /* SwiftUIBasics */ = {
			isa = PBXGroup;
			children = (
				A49B8C3A2D6E2641003C21E1 /* Info.plist */,
				A4A950342D344CAA00C2C668 /* Assets */,
				A47493BA2C25E28700CF9281 /* SupportingFiles */,
				A4F86AD12BC44494001B5AF0 /* Modules */,
				A42953782BB5CF9C000F0D60 /* Views */,
				A42FA3D72BB32C3800CFBFEE /* Models */,
				A4FA0D3F2BB720360084AD1A /* Persistence.swift */,
				A4E118642B87A9790008E2AB /* SwiftUIBasicsApp.swift */,
				A42D65472B8E448B00F996AA /* LaunchScreen.storyboard */,
				A4E1186A2B87A97A0008E2AB /* Preview Content */,
				A4F2562C2B9236A200DC8791 /* Song.swift */,
				A428B1112B96266D00BA62CA /* RandomNumber.swift */,
				A4314D682BA9EBA2008969CE /* Topic.swift */,
				A49139602BAB363900C7D701 /* DarkModeView.swift */,
				A42FA3D42BB329FB00CFBFEE /* Contacts.xcdatamodeld */,
				A4E49DFD2C25DE5D00A0536F /* GoogleService-Info.plist */,
				A4E296B22D70C3260043BD73 /* Localizable.xcstrings */,
			);
			path = SwiftUIBasics;
			sourceTree = "<group>";
		};
		A4E1186A2B87A97A0008E2AB /* Preview Content */ = {
			isa = PBXGroup;
			children = (
				A4E1186B2B87A97A0008E2AB /* Preview Assets.xcassets */,
			);
			path = "Preview Content";
			sourceTree = "<group>";
		};
		A4E296AF2D70BE7E0043BD73 /* Translation */ = {
			isa = PBXGroup;
			children = (
				A4E296B02D70BE8D0043BD73 /* TranslationView.swift */,
			);
			path = Translation;
			sourceTree = "<group>";
		};
		A4E6685E2D664EF100E5AD70 /* CircularProgressBar */ = {
			isa = PBXGroup;
			children = (
				A4E668612D665F6400E5AD70 /* Components */,
				A4E6685F2D664F0800E5AD70 /* CircularProgressBarView.swift */,
			);
			path = CircularProgressBar;
			sourceTree = "<group>";
		};
		A4E668612D665F6400E5AD70 /* Components */ = {
			isa = PBXGroup;
			children = (
				A4E668622D665F9400E5AD70 /* CircularBarView.swift */,
			);
			path = Components;
			sourceTree = "<group>";
		};
		A4E668642D6784C500E5AD70 /* AudioPlayer */ = {
			isa = PBXGroup;
			children = (
				A4E668672D6784EB00E5AD70 /* AudioPlayerView.swift */,
			);
			path = AudioPlayer;
			sourceTree = "<group>";
		};
		A4E668692D6787C500E5AD70 /* Music */ = {
			isa = PBXGroup;
			children = (
				A4E6686A2D6787CD00E5AD70 /* song1.wav */,
				A4E6686B2D6787CD00E5AD70 /* song2.wav */,
				A4E6686C2D6787CD00E5AD70 /* song3.wav */,
			);
			path = Music;
			sourceTree = "<group>";
		};
		A4E91D562BE9311C0072C7F1 /* SwiftUIBasics */ = {
			isa = PBXGroup;
			children = (
				A4E118662B87A9790008E2AB /* ContentView.swift */,
				A43215602B9A16EB008F4124 /* CounterView.swift */,
				A453FDEE2B9B710000BC02BC /* SecondCounterView.swift */,
			);
			path = SwiftUIBasics;
			sourceTree = "<group>";
		};
		A4F86AD12BC44494001B5AF0 /* Modules */ = {
			isa = PBXGroup;
			children = (
				A481DF9D2D8091AE00ACA675 /* VisionImages */,
				A4C31DC82D78A726005F7EFA /* VisionText */,
				A4E296AF2D70BE7E0043BD73 /* Translation */,
				A4E668642D6784C500E5AD70 /* AudioPlayer */,
				A4E6685E2D664EF100E5AD70 /* CircularProgressBar */,
				A443C6DD2D5AA40700B5E145 /* Charts */,
				A443C6D02D558C8400B5E145 /* Onboarding */,
				A484DA9D2D36F76E00CA274F /* Animations */,
				A4A9502F2D33260100C2C668 /* LocalNotifications */,
				A4BFDE612C29CAD6001840B3 /* Firebase */,
				A43FA9B32C04E74800E7F8D9 /* APIsURLSession */,
				A4E91D562BE9311C0072C7F1 /* SwiftUIBasics */,
				A42525E62BE53E3E00C10D0C /* Realm */,
				A4D25FB12BD2E3FF00278358 /* Maps */,
				A4F86AD22BC4449B001B5AF0 /* CoreDataImages */,
				A4314D662BA9E99B008969CE /* MenuView.swift */,
			);
			path = Modules;
			sourceTree = "<group>";
		};
		A4F86AD22BC4449B001B5AF0 /* CoreDataImages */ = {
			isa = PBXGroup;
			children = (
				A4F86AD72BC445AF001B5AF0 /* PlacesView.swift */,
				A4F86ADD2BC44890001B5AF0 /* PlacesHomeView.swift */,
				A4F86AD92BC445C0001B5AF0 /* PlaceFormView.swift */,
				A4F86ADB2BC445F1001B5AF0 /* PlacesNavigationBarView.swift */,
			);
			path = CoreDataImages;
			sourceTree = "<group>";
		};
/* End PBXGroup section */

/* Begin PBXNativeTarget section */
		A4E118602B87A9790008E2AB /* SwiftUIBasics */ = {
			isa = PBXNativeTarget;
			buildConfigurationList = A4E1186F2B87A97A0008E2AB /* Build configuration list for PBXNativeTarget "SwiftUIBasics" */;
			buildPhases = (
				74F0A23338400BA0A2BC3DF0 /* [CP] Check Pods Manifest.lock */,
				A4E1185D2B87A9790008E2AB /* Sources */,
				A4E1185E2B87A9790008E2AB /* Frameworks */,
				A4E1185F2B87A9790008E2AB /* Resources */,
				5420696D7E5BD70954ACB71C /* [CP] Embed Pods Frameworks */,
			);
			buildRules = (
			);
			dependencies = (
			);
			name = SwiftUIBasics;
			productName = SwiftUIBasics;
			productReference = A4E118612B87A9790008E2AB /* SwiftUIBasics.app */;
			productType = "com.apple.product-type.application";
		};
/* End PBXNativeTarget section */

/* Begin PBXProject section */
		A4E118592B87A9790008E2AB /* Project object */ = {
			isa = PBXProject;
			attributes = {
				BuildIndependentTargetsInParallel = 1;
				LastSwiftUpdateCheck = 1520;
				LastUpgradeCheck = 1520;
				TargetAttributes = {
					A4E118602B87A9790008E2AB = {
						CreatedOnToolsVersion = 15.2;
					};
				};
			};
			buildConfigurationList = A4E1185C2B87A9790008E2AB /* Build configuration list for PBXProject "SwiftUIBasics" */;
			compatibilityVersion = "Xcode 14.0";
			developmentRegion = en;
			hasScannedForEncodings = 0;
			knownRegions = (
				en,
				Base,
				"es-419",
			);
			mainGroup = A4E118582B87A9790008E2AB;
			productRefGroup = A4E118622B87A9790008E2AB /* Products */;
			projectDirPath = "";
			projectRoot = "";
			targets = (
				A4E118602B87A9790008E2AB /* SwiftUIBasics */,
			);
		};
/* End PBXProject section */

/* Begin PBXResourcesBuildPhase section */
		A4E1185F2B87A9790008E2AB /* Resources */ = {
			isa = PBXResourcesBuildPhase;
			buildActionMask = 2147483647;
			files = (
				A42D65482B8E448B00F996AA /* LaunchScreen.storyboard in Resources */,
				A4E1186C2B87A97A0008E2AB /* Preview Assets.xcassets in Resources */,
				A4A950362D344CC100C2C668 /* cat.jpeg in Resources */,
				A4E49DFE2C25DE5D00A0536F /* GoogleService-Info.plist in Resources */,
				A4E118692B87A97A0008E2AB /* Assets.xcassets in Resources */,
				A4E6686D2D6787CD00E5AD70 /* song3.wav in Resources */,
				A4E296B32D70C3260043BD73 /* Localizable.xcstrings in Resources */,
				A4E6686E2D6787CD00E5AD70 /* song1.wav in Resources */,
				A4E6686F2D6787CD00E5AD70 /* song2.wav in Resources */,
				A47F9DA22BDFF6FF0057398D /* Maps.storyboard in Resources */,
			);
			runOnlyForDeploymentPostprocessing = 0;
		};
/* End PBXResourcesBuildPhase section */

/* Begin PBXShellScriptBuildPhase section */
		5420696D7E5BD70954ACB71C /* [CP] Embed Pods Frameworks */ = {
			isa = PBXShellScriptBuildPhase;
			buildActionMask = 2147483647;
			files = (
			);
			inputFileListPaths = (
				"${PODS_ROOT}/Target Support Files/Pods-SwiftUIBasics/Pods-SwiftUIBasics-frameworks-${CONFIGURATION}-input-files.xcfilelist",
			);
			name = "[CP] Embed Pods Frameworks";
			outputFileListPaths = (
				"${PODS_ROOT}/Target Support Files/Pods-SwiftUIBasics/Pods-SwiftUIBasics-frameworks-${CONFIGURATION}-output-files.xcfilelist",
			);
			runOnlyForDeploymentPostprocessing = 0;
			shellPath = /bin/sh;
			shellScript = "\"${PODS_ROOT}/Target Support Files/Pods-SwiftUIBasics/Pods-SwiftUIBasics-frameworks.sh\"\n";
			showEnvVarsInLog = 0;
		};
		74F0A23338400BA0A2BC3DF0 /* [CP] Check Pods Manifest.lock */ = {
			isa = PBXShellScriptBuildPhase;
			buildActionMask = 2147483647;
			files = (
			);
			inputFileListPaths = (
			);
			inputPaths = (
				"${PODS_PODFILE_DIR_PATH}/Podfile.lock",
				"${PODS_ROOT}/Manifest.lock",
			);
			name = "[CP] Check Pods Manifest.lock";
			outputFileListPaths = (
			);
			outputPaths = (
				"$(DERIVED_FILE_DIR)/Pods-SwiftUIBasics-checkManifestLockResult.txt",
			);
			runOnlyForDeploymentPostprocessing = 0;
			shellPath = /bin/sh;
			shellScript = "diff \"${PODS_PODFILE_DIR_PATH}/Podfile.lock\" \"${PODS_ROOT}/Manifest.lock\" > /dev/null\nif [ $? != 0 ] ; then\n    # print error to STDERR\n    echo \"error: The sandbox is not in sync with the Podfile.lock. Run 'pod install' or update your CocoaPods installation.\" >&2\n    exit 1\nfi\n# This output is used by Xcode 'outputs' to avoid re-running this script phase.\necho \"SUCCESS\" > \"${SCRIPT_OUTPUT_FILE_0}\"\n";
			showEnvVarsInLog = 0;
		};
/* End PBXShellScriptBuildPhase section */

/* Begin PBXSourcesBuildPhase section */
		A4E1185D2B87A9790008E2AB /* Sources */ = {
			isa = PBXSourcesBuildPhase;
			buildActionMask = 2147483647;
			files = (
				A470C91C2BF7B45600AF0F4D /* PetsView.swift in Sources */,
				A44D14682D81E722006883DB /* ImageClassifier.mlmodel in Sources */,
				A484DAA42D3717E700CA274F /* TransformationsView.swift in Sources */,
				A4F86ADC2BC445F1001B5AF0 /* PlacesNavigationBarView.swift in Sources */,
				A481DFA62D80961F00ACA675 /* VisionImageDetailView.swift in Sources */,
				A4D25FB92BD2E4A200278358 /* LocationView.swift in Sources */,
				A4D634212D5D0FDD00E33B4C /* ChartData.swift in Sources */,
				A4314D672BA9E99B008969CE /* MenuView.swift in Sources */,
				A4FA0D402BB720360084AD1A /* Persistence.swift in Sources */,
				A4FA0D1D2BB7153D0084AD1A /* ContactCellView.swift in Sources */,
				A42525E92BE53E5A00C10D0C /* PersonsView.swift in Sources */,
				A43FA9B82C04EAE800E7F8D9 /* UserResponse.swift in Sources */,
				A47493BC2C25E29900CF9281 /* AppDelegate.swift in Sources */,
				A428B1122B96266D00BA62CA /* RandomNumber.swift in Sources */,
				A443C6DC2D55920F00B5E145 /* OnboardingHome.swift in Sources */,
				A49139612BAB363900C7D701 /* DarkModeView.swift in Sources */,
				A42953772BB5CF86000F0D60 /* ContactsView.swift in Sources */,
				A443C6DA2D5591E300B5E145 /* OnboardingThree.swift in Sources */,
				A443C6D22D558C9400B5E145 /* OnboardingView.swift in Sources */,
				A44E4BF12C38509500766516 /* GetPosts.swift in Sources */,
				A4F2562D2B9236A200DC8791 /* Song.swift in Sources */,
				A4C31DD12D78AC02005F7EFA /* ScannerView.swift in Sources */,
				A41BA36B2D441BBE0090C02F /* TransitionsInfoView.swift in Sources */,
				A481DF9F2D80926100ACA675 /* VisionImagesView.swift in Sources */,
				A42FA3D62BB329FB00CFBFEE /* Contacts.xcdatamodeld in Sources */,
				A4BFDE672C29CC2F001840B3 /* FirebaseHomeView.swift in Sources */,
				A484DAA22D3717CF00CA274F /* BasicAnimationsView.swift in Sources */,
				A481DFA22D8092E000ACA675 /* VisionModel.swift in Sources */,
				A4D5DD662C3306BA005C23DF /* FirebasePostFormView.swift in Sources */,
				A4213D992C0E1E9800C719DE /* LoginView.swift in Sources */,
				A484DA9C2D35740B00CA274F /* HelloNotificationsView.swift in Sources */,
				A4D25FB72BD2E47700278358 /* MapView.swift in Sources */,
				A4A7AF2A2D5BCEEA00B33034 /* BarView.swift in Sources */,
				A4E118672B87A9790008E2AB /* ContentView.swift in Sources */,
				A443C6DF2D5AA41D00B5E145 /* ChartsView.swift in Sources */,
				A4D25FBB2BD2E51200278358 /* UIKitMapView.swift in Sources */,
				A4F86AD62BC4454F001B5AF0 /* Place.swift in Sources */,
				A4E668682D6784EB00E5AD70 /* AudioPlayerView.swift in Sources */,
				A4E296B12D70BE8D0043BD73 /* TranslationView.swift in Sources */,
				A4C31DCF2D78A7CF005F7EFA /* TextRecognizer.swift in Sources */,
				A48157DD2C06304A00FCB379 /* NetworkManager.swift in Sources */,
				A4F86ADE2BC44890001B5AF0 /* PlacesHomeView.swift in Sources */,
				A443C6D72D5591D600B5E145 /* OnboardingTwo.swift in Sources */,
				A42FA3D92BB32C4D00CFBFEE /* Contact.swift in Sources */,
				A4A997342C36FD8500779F62 /* Post.swift in Sources */,
				A4213D9B2C0E205100C719DE /* LoginRequest.swift in Sources */,
				A447B3742C2F11BF00BF4BCE /* FirebaseContentView.swift in Sources */,
				A4568AD02C49769C00C11DE8 /* Loader.swift in Sources */,
				A4FA0D1F2BB717FE0084AD1A /* ContactDetailView.swift in Sources */,
				A4C31DCC2D78A752005F7EFA /* VisionTextView.swift in Sources */,
				A4F86AD82BC445AF001B5AF0 /* PlacesView.swift in Sources */,
				A4E91D552BE92E2F0072C7F1 /* PersonFormView.swift in Sources */,
				A48157DF2C06340C00FCB379 /* UsersView.swift in Sources */,
				A4E8AF362BF3BD9900054C61 /* Pet.swift in Sources */,
				A42525E52BE53CE200C10D0C /* Person.swift in Sources */,
				A453FDEF2B9B710000BC02BC /* SecondCounterView.swift in Sources */,
				A47F9DA72BDFFA1D0057398D /* CoordinatesViewController.swift in Sources */,
				A47F9DA52BDFF7430057398D /* MapViewController.swift in Sources */,
				A4D25FB52BD2E42B00278358 /* MapMenuView.swift in Sources */,
				A4E668602D664F0800E5AD70 /* CircularProgressBarView.swift in Sources */,
				A4E668632D665F9400E5AD70 /* CircularBarView.swift in Sources */,
				A4A8627A2C0F6FBD003196DB /* LoginResponse.swift in Sources */,
				A4A950332D33262F00C2C668 /* LocalNotificationsView.swift in Sources */,
				A4BFDE6B2C29CED2001840B3 /* FirebaseLoginView.swift in Sources */,
				A484DAA62D37180B00CA274F /* TransitionsView.swift in Sources */,
				A484DA9F2D36F77C00CA274F /* AnimationsView.swift in Sources */,
				A43FA9B62C04E8E100E7F8D9 /* BaseResponse.swift in Sources */,
				A4568AD32C49798400C11DE8 /* FirebaseImageView.swift in Sources */,
				A4314D692BA9EBA2008969CE /* Topic.swift in Sources */,
				A443C6D52D5591CC00B5E145 /* OnboardingOne.swift in Sources */,
				A4F86ADA2BC445C0001B5AF0 /* PlaceFormView.swift in Sources */,
				A429537A2BB5CFD1000F0D60 /* ContactFormView.swift in Sources */,
				A4E118652B87A9790008E2AB /* SwiftUIBasicsApp.swift in Sources */,
				A43215612B9A16EB008F4124 /* CounterView.swift in Sources */,
			);
			runOnlyForDeploymentPostprocessing = 0;
		};
/* End PBXSourcesBuildPhase section */

/* Begin XCBuildConfiguration section */
		A4E1186D2B87A97A0008E2AB /* Debug */ = {
			isa = XCBuildConfiguration;
			buildSettings = {
				ALWAYS_SEARCH_USER_PATHS = NO;
				ASSETCATALOG_COMPILER_GENERATE_SWIFT_ASSET_SYMBOL_EXTENSIONS = YES;
				CLANG_ANALYZER_NONNULL = YES;
				CLANG_ANALYZER_NUMBER_OBJECT_CONVERSION = YES_AGGRESSIVE;
				CLANG_CXX_LANGUAGE_STANDARD = "gnu++20";
				CLANG_ENABLE_MODULES = YES;
				CLANG_ENABLE_OBJC_ARC = YES;
				CLANG_ENABLE_OBJC_WEAK = YES;
				CLANG_WARN_BLOCK_CAPTURE_AUTORELEASING = YES;
				CLANG_WARN_BOOL_CONVERSION = YES;
				CLANG_WARN_COMMA = YES;
				CLANG_WARN_CONSTANT_CONVERSION = YES;
				CLANG_WARN_DEPRECATED_OBJC_IMPLEMENTATIONS = YES;
				CLANG_WARN_DIRECT_OBJC_ISA_USAGE = YES_ERROR;
				CLANG_WARN_DOCUMENTATION_COMMENTS = YES;
				CLANG_WARN_EMPTY_BODY = YES;
				CLANG_WARN_ENUM_CONVERSION = YES;
				CLANG_WARN_INFINITE_RECURSION = YES;
				CLANG_WARN_INT_CONVERSION = YES;
				CLANG_WARN_NON_LITERAL_NULL_CONVERSION = YES;
				CLANG_WARN_OBJC_IMPLICIT_RETAIN_SELF = YES;
				CLANG_WARN_OBJC_LITERAL_CONVERSION = YES;
				CLANG_WARN_OBJC_ROOT_CLASS = YES_ERROR;
				CLANG_WARN_QUOTED_INCLUDE_IN_FRAMEWORK_HEADER = YES;
				CLANG_WARN_RANGE_LOOP_ANALYSIS = YES;
				CLANG_WARN_STRICT_PROTOTYPES = YES;
				CLANG_WARN_SUSPICIOUS_MOVE = YES;
				CLANG_WARN_UNGUARDED_AVAILABILITY = YES_AGGRESSIVE;
				CLANG_WARN_UNREACHABLE_CODE = YES;
				CLANG_WARN__DUPLICATE_METHOD_MATCH = YES;
				COPY_PHASE_STRIP = NO;
				DEBUG_INFORMATION_FORMAT = dwarf;
				ENABLE_STRICT_OBJC_MSGSEND = YES;
				ENABLE_TESTABILITY = YES;
				ENABLE_USER_SCRIPT_SANDBOXING = YES;
				GCC_C_LANGUAGE_STANDARD = gnu17;
				GCC_DYNAMIC_NO_PIC = NO;
				GCC_NO_COMMON_BLOCKS = YES;
				GCC_OPTIMIZATION_LEVEL = 0;
				GCC_PREPROCESSOR_DEFINITIONS = (
					"DEBUG=1",
					"$(inherited)",
				);
				GCC_WARN_64_TO_32_BIT_CONVERSION = YES;
				GCC_WARN_ABOUT_RETURN_TYPE = YES_ERROR;
				GCC_WARN_UNDECLARED_SELECTOR = YES;
				GCC_WARN_UNINITIALIZED_AUTOS = YES_AGGRESSIVE;
				GCC_WARN_UNUSED_FUNCTION = YES;
				GCC_WARN_UNUSED_VARIABLE = YES;
				IPHONEOS_DEPLOYMENT_TARGET = 17.2;
				LOCALIZATION_PREFERS_STRING_CATALOGS = YES;
				MTL_ENABLE_DEBUG_INFO = INCLUDE_SOURCE;
				MTL_FAST_MATH = YES;
				ONLY_ACTIVE_ARCH = YES;
				SDKROOT = iphoneos;
				SWIFT_ACTIVE_COMPILATION_CONDITIONS = "DEBUG $(inherited)";
				SWIFT_EMIT_LOC_STRINGS = YES;
				SWIFT_OPTIMIZATION_LEVEL = "-Onone";
			};
			name = Debug;
		};
		A4E1186E2B87A97A0008E2AB /* Release */ = {
			isa = XCBuildConfiguration;
			buildSettings = {
				ALWAYS_SEARCH_USER_PATHS = NO;
				ASSETCATALOG_COMPILER_GENERATE_SWIFT_ASSET_SYMBOL_EXTENSIONS = YES;
				CLANG_ANALYZER_NONNULL = YES;
				CLANG_ANALYZER_NUMBER_OBJECT_CONVERSION = YES_AGGRESSIVE;
				CLANG_CXX_LANGUAGE_STANDARD = "gnu++20";
				CLANG_ENABLE_MODULES = YES;
				CLANG_ENABLE_OBJC_ARC = YES;
				CLANG_ENABLE_OBJC_WEAK = YES;
				CLANG_WARN_BLOCK_CAPTURE_AUTORELEASING = YES;
				CLANG_WARN_BOOL_CONVERSION = YES;
				CLANG_WARN_COMMA = YES;
				CLANG_WARN_CONSTANT_CONVERSION = YES;
				CLANG_WARN_DEPRECATED_OBJC_IMPLEMENTATIONS = YES;
				CLANG_WARN_DIRECT_OBJC_ISA_USAGE = YES_ERROR;
				CLANG_WARN_DOCUMENTATION_COMMENTS = YES;
				CLANG_WARN_EMPTY_BODY = YES;
				CLANG_WARN_ENUM_CONVERSION = YES;
				CLANG_WARN_INFINITE_RECURSION = YES;
				CLANG_WARN_INT_CONVERSION = YES;
				CLANG_WARN_NON_LITERAL_NULL_CONVERSION = YES;
				CLANG_WARN_OBJC_IMPLICIT_RETAIN_SELF = YES;
				CLANG_WARN_OBJC_LITERAL_CONVERSION = YES;
				CLANG_WARN_OBJC_ROOT_CLASS = YES_ERROR;
				CLANG_WARN_QUOTED_INCLUDE_IN_FRAMEWORK_HEADER = YES;
				CLANG_WARN_RANGE_LOOP_ANALYSIS = YES;
				CLANG_WARN_STRICT_PROTOTYPES = YES;
				CLANG_WARN_SUSPICIOUS_MOVE = YES;
				CLANG_WARN_UNGUARDED_AVAILABILITY = YES_AGGRESSIVE;
				CLANG_WARN_UNREACHABLE_CODE = YES;
				CLANG_WARN__DUPLICATE_METHOD_MATCH = YES;
				COPY_PHASE_STRIP = NO;
				DEBUG_INFORMATION_FORMAT = "dwarf-with-dsym";
				ENABLE_NS_ASSERTIONS = NO;
				ENABLE_STRICT_OBJC_MSGSEND = YES;
				ENABLE_USER_SCRIPT_SANDBOXING = YES;
				GCC_C_LANGUAGE_STANDARD = gnu17;
				GCC_NO_COMMON_BLOCKS = YES;
				GCC_WARN_64_TO_32_BIT_CONVERSION = YES;
				GCC_WARN_ABOUT_RETURN_TYPE = YES_ERROR;
				GCC_WARN_UNDECLARED_SELECTOR = YES;
				GCC_WARN_UNINITIALIZED_AUTOS = YES_AGGRESSIVE;
				GCC_WARN_UNUSED_FUNCTION = YES;
				GCC_WARN_UNUSED_VARIABLE = YES;
				IPHONEOS_DEPLOYMENT_TARGET = 17.2;
				LOCALIZATION_PREFERS_STRING_CATALOGS = YES;
				MTL_ENABLE_DEBUG_INFO = NO;
				MTL_FAST_MATH = YES;
				SDKROOT = iphoneos;
				SWIFT_COMPILATION_MODE = wholemodule;
				SWIFT_EMIT_LOC_STRINGS = YES;
				VALIDATE_PRODUCT = YES;
			};
			name = Release;
		};
		A4E118702B87A97A0008E2AB /* Debug */ = {
			isa = XCBuildConfiguration;
			baseConfigurationReference = 3E01706226CE52E4B36776FD /* Pods-SwiftUIBasics.debug.xcconfig */;
			buildSettings = {
				ASSETCATALOG_COMPILER_APPICON_NAME = AppIcon;
				ASSETCATALOG_COMPILER_GLOBAL_ACCENT_COLOR_NAME = AccentColor;
				CODE_SIGN_STYLE = Automatic;
				CURRENT_PROJECT_VERSION = 1;
				DEVELOPMENT_ASSET_PATHS = "\"SwiftUIBasics/Preview Content\"";
				DEVELOPMENT_TEAM = W8UT8UK49Y;
				ENABLE_PREVIEWS = YES;
				ENABLE_USER_SCRIPT_SANDBOXING = NO;
				GENERATE_INFOPLIST_FILE = YES;
				INFOPLIST_FILE = SwiftUIBasics/Info.plist;
				INFOPLIST_KEY_NSLocationWhenInUseUsageDescription = "Usaremos la ubicación";
				INFOPLIST_KEY_UIApplicationSceneManifest_Generation = YES;
				INFOPLIST_KEY_UIApplicationSupportsIndirectInputEvents = YES;
				INFOPLIST_KEY_UILaunchScreen_Generation = YES;
				INFOPLIST_KEY_UILaunchStoryboardName = LaunchScreen.storyboard;
				INFOPLIST_KEY_UISupportedInterfaceOrientations_iPad = "UIInterfaceOrientationPortrait UIInterfaceOrientationPortraitUpsideDown UIInterfaceOrientationLandscapeLeft UIInterfaceOrientationLandscapeRight";
				INFOPLIST_KEY_UISupportedInterfaceOrientations_iPhone = "UIInterfaceOrientationPortrait UIInterfaceOrientationLandscapeLeft UIInterfaceOrientationLandscapeRight";
				LD_RUNPATH_SEARCH_PATHS = (
					"$(inherited)",
					"@executable_path/Frameworks",
				);
				MARKETING_VERSION = 1.0;
				PRODUCT_BUNDLE_IDENTIFIER = com.ur13l96.SwiftUIBasics;
				PRODUCT_NAME = "$(TARGET_NAME)";
				SWIFT_EMIT_LOC_STRINGS = YES;
				SWIFT_VERSION = 5.0;
				TARGETED_DEVICE_FAMILY = "1,2";
			};
			name = Debug;
		};
		A4E118712B87A97A0008E2AB /* Release */ = {
			isa = XCBuildConfiguration;
			baseConfigurationReference = 140080071B7783E4CE3D9886 /* Pods-SwiftUIBasics.release.xcconfig */;
			buildSettings = {
				ASSETCATALOG_COMPILER_APPICON_NAME = AppIcon;
				ASSETCATALOG_COMPILER_GLOBAL_ACCENT_COLOR_NAME = AccentColor;
				CODE_SIGN_STYLE = Automatic;
				CURRENT_PROJECT_VERSION = 1;
				DEVELOPMENT_ASSET_PATHS = "\"SwiftUIBasics/Preview Content\"";
				DEVELOPMENT_TEAM = W8UT8UK49Y;
				ENABLE_PREVIEWS = YES;
				ENABLE_USER_SCRIPT_SANDBOXING = NO;
				GENERATE_INFOPLIST_FILE = YES;
				INFOPLIST_FILE = SwiftUIBasics/Info.plist;
				INFOPLIST_KEY_NSLocationWhenInUseUsageDescription = "Usaremos la ubicación";
				INFOPLIST_KEY_UIApplicationSceneManifest_Generation = YES;
				INFOPLIST_KEY_UIApplicationSupportsIndirectInputEvents = YES;
				INFOPLIST_KEY_UILaunchScreen_Generation = YES;
				INFOPLIST_KEY_UILaunchStoryboardName = LaunchScreen.storyboard;
				INFOPLIST_KEY_UISupportedInterfaceOrientations_iPad = "UIInterfaceOrientationPortrait UIInterfaceOrientationPortraitUpsideDown UIInterfaceOrientationLandscapeLeft UIInterfaceOrientationLandscapeRight";
				INFOPLIST_KEY_UISupportedInterfaceOrientations_iPhone = "UIInterfaceOrientationPortrait UIInterfaceOrientationLandscapeLeft UIInterfaceOrientationLandscapeRight";
				LD_RUNPATH_SEARCH_PATHS = (
					"$(inherited)",
					"@executable_path/Frameworks",
				);
				MARKETING_VERSION = 1.0;
				PRODUCT_BUNDLE_IDENTIFIER = com.ur13l96.SwiftUIBasics;
				PRODUCT_NAME = "$(TARGET_NAME)";
				SWIFT_EMIT_LOC_STRINGS = YES;
				SWIFT_VERSION = 5.0;
				TARGETED_DEVICE_FAMILY = "1,2";
			};
			name = Release;
		};
/* End XCBuildConfiguration section */

/* Begin XCConfigurationList section */
		A4E1185C2B87A9790008E2AB /* Build configuration list for PBXProject "SwiftUIBasics" */ = {
			isa = XCConfigurationList;
			buildConfigurations = (
				A4E1186D2B87A97A0008E2AB /* Debug */,
				A4E1186E2B87A97A0008E2AB /* Release */,
			);
			defaultConfigurationIsVisible = 0;
			defaultConfigurationName = Release;
		};
		A4E1186F2B87A97A0008E2AB /* Build configuration list for PBXNativeTarget "SwiftUIBasics" */ = {
			isa = XCConfigurationList;
			buildConfigurations = (
				A4E118702B87A97A0008E2AB /* Debug */,
				A4E118712B87A97A0008E2AB /* Release */,
			);
			defaultConfigurationIsVisible = 0;
			defaultConfigurationName = Release;
		};
/* End XCConfigurationList section */

/* Begin XCVersionGroup section */
		A42FA3D42BB329FB00CFBFEE /* Contacts.xcdatamodeld */ = {
			isa = XCVersionGroup;
			children = (
				A42FA3D52BB329FB00CFBFEE /* Contacts.xcdatamodel */,
			);
			currentVersion = A42FA3D52BB329FB00CFBFEE /* Contacts.xcdatamodel */;
			path = Contacts.xcdatamodeld;
			sourceTree = "<group>";
			versionGroupType = wrapper.xcdatamodel;
		};
/* End XCVersionGroup section */
	};
	rootObject = A4E118592B87A9790008E2AB /* Project object */;
}
