// !$*UTF8*$!
{
	archiveVersion = 1;
	classes = {
	};
	objectVersion = 56;
	objects = {

/* Begin PBXBuildFile section */
		A428B1122B96266D00BA62CA /* RandomNumber.swift in Sources */ = {isa = PBXBuildFile; fileRef = A428B1112B96266D00BA62CA /* RandomNumber.swift */; };
		A42953772BB5CF86000F0D60 /* ContactsView.swift in Sources */ = {isa = PBXBuildFile; fileRef = A42953762BB5CF86000F0D60 /* ContactsView.swift */; };
		A429537A2BB5CFD1000F0D60 /* ContactFormView.swift in Sources */ = {isa = PBXBuildFile; fileRef = A42953792BB5CFD1000F0D60 /* ContactFormView.swift */; };
		A42D65482B8E448B00F996AA /* LaunchScreen.storyboard in Resources */ = {isa = PBXBuildFile; fileRef = A42D65472B8E448B00F996AA /* LaunchScreen.storyboard */; };
		A42FA3D62BB329FB00CFBFEE /* Contacts.xcdatamodeld in Sources */ = {isa = PBXBuildFile; fileRef = A42FA3D42BB329FB00CFBFEE /* Contacts.xcdatamodeld */; };
		A42FA3D92BB32C4D00CFBFEE /* Contact.swift in Sources */ = {isa = PBXBuildFile; fileRef = A42FA3D82BB32C4D00CFBFEE /* Contact.swift */; };
		A4314D672BA9E99B008969CE /* MenuView.swift in Sources */ = {isa = PBXBuildFile; fileRef = A4314D662BA9E99B008969CE /* MenuView.swift */; };
		A4314D692BA9EBA2008969CE /* Topic.swift in Sources */ = {isa = PBXBuildFile; fileRef = A4314D682BA9EBA2008969CE /* Topic.swift */; };
		A43215612B9A16EB008F4124 /* CounterView.swift in Sources */ = {isa = PBXBuildFile; fileRef = A43215602B9A16EB008F4124 /* CounterView.swift */; };
		A453FDEF2B9B710000BC02BC /* SecondCounterView.swift in Sources */ = {isa = PBXBuildFile; fileRef = A453FDEE2B9B710000BC02BC /* SecondCounterView.swift */; };
		A49139612BAB363900C7D701 /* DarkModeView.swift in Sources */ = {isa = PBXBuildFile; fileRef = A49139602BAB363900C7D701 /* DarkModeView.swift */; };
		A4D25FB52BD2E42B00278358 /* MapMenuView.swift in Sources */ = {isa = PBXBuildFile; fileRef = A4D25FB42BD2E42B00278358 /* MapMenuView.swift */; };
		A4D25FB72BD2E47700278358 /* MapView.swift in Sources */ = {isa = PBXBuildFile; fileRef = A4D25FB62BD2E47700278358 /* MapView.swift */; };
		A4D25FB92BD2E4A200278358 /* LocationView.swift in Sources */ = {isa = PBXBuildFile; fileRef = A4D25FB82BD2E4A200278358 /* LocationView.swift */; };
		A4D25FBB2BD2E51200278358 /* UIKitMapView.swift in Sources */ = {isa = PBXBuildFile; fileRef = A4D25FBA2BD2E51200278358 /* UIKitMapView.swift */; };
		A4E118652B87A9790008E2AB /* SwiftUIBasicsApp.swift in Sources */ = {isa = PBXBuildFile; fileRef = A4E118642B87A9790008E2AB /* SwiftUIBasicsApp.swift */; };
		A4E118672B87A9790008E2AB /* ContentView.swift in Sources */ = {isa = PBXBuildFile; fileRef = A4E118662B87A9790008E2AB /* ContentView.swift */; };
		A4E118692B87A97A0008E2AB /* Assets.xcassets in Resources */ = {isa = PBXBuildFile; fileRef = A4E118682B87A97A0008E2AB /* Assets.xcassets */; };
		A4E1186C2B87A97A0008E2AB /* Preview Assets.xcassets in Resources */ = {isa = PBXBuildFile; fileRef = A4E1186B2B87A97A0008E2AB /* Preview Assets.xcassets */; };
		A4F2562D2B9236A200DC8791 /* Song.swift in Sources */ = {isa = PBXBuildFile; fileRef = A4F2562C2B9236A200DC8791 /* Song.swift */; };
		A4F86AD62BC4454F001B5AF0 /* Place.swift in Sources */ = {isa = PBXBuildFile; fileRef = A4F86AD52BC4454F001B5AF0 /* Place.swift */; };
		A4F86AD82BC445AF001B5AF0 /* PlacesView.swift in Sources */ = {isa = PBXBuildFile; fileRef = A4F86AD72BC445AF001B5AF0 /* PlacesView.swift */; };
		A4F86ADA2BC445C0001B5AF0 /* PlaceFormView.swift in Sources */ = {isa = PBXBuildFile; fileRef = A4F86AD92BC445C0001B5AF0 /* PlaceFormView.swift */; };
		A4F86ADC2BC445F1001B5AF0 /* PlacesNavigationBarView.swift in Sources */ = {isa = PBXBuildFile; fileRef = A4F86ADB2BC445F1001B5AF0 /* PlacesNavigationBarView.swift */; };
		A4F86ADE2BC44890001B5AF0 /* PlacesHomeView.swift in Sources */ = {isa = PBXBuildFile; fileRef = A4F86ADD2BC44890001B5AF0 /* PlacesHomeView.swift */; };
		A4FA0D1D2BB7153D0084AD1A /* ContactCellView.swift in Sources */ = {isa = PBXBuildFile; fileRef = A4FA0D1C2BB7153D0084AD1A /* ContactCellView.swift */; };
		A4FA0D1F2BB717FE0084AD1A /* ContactDetailView.swift in Sources */ = {isa = PBXBuildFile; fileRef = A4FA0D1E2BB717FE0084AD1A /* ContactDetailView.swift */; };
		A4FA0D402BB720360084AD1A /* Persistence.swift in Sources */ = {isa = PBXBuildFile; fileRef = A4FA0D3F2BB720360084AD1A /* Persistence.swift */; };
/* End PBXBuildFile section */

/* Begin PBXFileReference section */
		A428B1112B96266D00BA62CA /* RandomNumber.swift */ = {isa = PBXFileReference; lastKnownFileType = sourcecode.swift; path = RandomNumber.swift; sourceTree = "<group>"; };
		A42953762BB5CF86000F0D60 /* ContactsView.swift */ = {isa = PBXFileReference; lastKnownFileType = sourcecode.swift; path = ContactsView.swift; sourceTree = "<group>"; };
		A42953792BB5CFD1000F0D60 /* ContactFormView.swift */ = {isa = PBXFileReference; lastKnownFileType = sourcecode.swift; path = ContactFormView.swift; sourceTree = "<group>"; };
		A42D65472B8E448B00F996AA /* LaunchScreen.storyboard */ = {isa = PBXFileReference; lastKnownFileType = file.storyboard; path = LaunchScreen.storyboard; sourceTree = "<group>"; };
		A42FA3D52BB329FB00CFBFEE /* Contacts.xcdatamodel */ = {isa = PBXFileReference; lastKnownFileType = wrapper.xcdatamodel; path = Contacts.xcdatamodel; sourceTree = "<group>"; };
		A42FA3D82BB32C4D00CFBFEE /* Contact.swift */ = {isa = PBXFileReference; lastKnownFileType = sourcecode.swift; path = Contact.swift; sourceTree = "<group>"; };
		A4314D662BA9E99B008969CE /* MenuView.swift */ = {isa = PBXFileReference; lastKnownFileType = sourcecode.swift; path = MenuView.swift; sourceTree = "<group>"; };
		A4314D682BA9EBA2008969CE /* Topic.swift */ = {isa = PBXFileReference; lastKnownFileType = sourcecode.swift; path = Topic.swift; sourceTree = "<group>"; };
		A43215602B9A16EB008F4124 /* CounterView.swift */ = {isa = PBXFileReference; lastKnownFileType = sourcecode.swift; path = CounterView.swift; sourceTree = "<group>"; };
		A453FDEE2B9B710000BC02BC /* SecondCounterView.swift */ = {isa = PBXFileReference; lastKnownFileType = sourcecode.swift; path = SecondCounterView.swift; sourceTree = "<group>"; };
		A49139602BAB363900C7D701 /* DarkModeView.swift */ = {isa = PBXFileReference; lastKnownFileType = sourcecode.swift; path = DarkModeView.swift; sourceTree = "<group>"; };
		A4D25FB42BD2E42B00278358 /* MapMenuView.swift */ = {isa = PBXFileReference; lastKnownFileType = sourcecode.swift; path = MapMenuView.swift; sourceTree = "<group>"; };
		A4D25FB62BD2E47700278358 /* MapView.swift */ = {isa = PBXFileReference; lastKnownFileType = sourcecode.swift; path = MapView.swift; sourceTree = "<group>"; };
		A4D25FB82BD2E4A200278358 /* LocationView.swift */ = {isa = PBXFileReference; lastKnownFileType = sourcecode.swift; path = LocationView.swift; sourceTree = "<group>"; };
		A4D25FBA2BD2E51200278358 /* UIKitMapView.swift */ = {isa = PBXFileReference; lastKnownFileType = sourcecode.swift; path = UIKitMapView.swift; sourceTree = "<group>"; };
		A4E118612B87A9790008E2AB /* SwiftUIBasics.app */ = {isa = PBXFileReference; explicitFileType = wrapper.application; includeInIndex = 0; path = SwiftUIBasics.app; sourceTree = BUILT_PRODUCTS_DIR; };
		A4E118642B87A9790008E2AB /* SwiftUIBasicsApp.swift */ = {isa = PBXFileReference; lastKnownFileType = sourcecode.swift; path = SwiftUIBasicsApp.swift; sourceTree = "<group>"; };
		A4E118662B87A9790008E2AB /* ContentView.swift */ = {isa = PBXFileReference; lastKnownFileType = sourcecode.swift; path = ContentView.swift; sourceTree = "<group>"; };
		A4E118682B87A97A0008E2AB /* Assets.xcassets */ = {isa = PBXFileReference; lastKnownFileType = folder.assetcatalog; path = Assets.xcassets; sourceTree = "<group>"; };
		A4E1186B2B87A97A0008E2AB /* Preview Assets.xcassets */ = {isa = PBXFileReference; lastKnownFileType = folder.assetcatalog; path = "Preview Assets.xcassets"; sourceTree = "<group>"; };
		A4F2562C2B9236A200DC8791 /* Song.swift */ = {isa = PBXFileReference; lastKnownFileType = sourcecode.swift; path = Song.swift; sourceTree = "<group>"; };
		A4F86AD52BC4454F001B5AF0 /* Place.swift */ = {isa = PBXFileReference; lastKnownFileType = sourcecode.swift; path = Place.swift; sourceTree = "<group>"; };
		A4F86AD72BC445AF001B5AF0 /* PlacesView.swift */ = {isa = PBXFileReference; lastKnownFileType = sourcecode.swift; path = PlacesView.swift; sourceTree = "<group>"; };
		A4F86AD92BC445C0001B5AF0 /* PlaceFormView.swift */ = {isa = PBXFileReference; lastKnownFileType = sourcecode.swift; path = PlaceFormView.swift; sourceTree = "<group>"; };
		A4F86ADB2BC445F1001B5AF0 /* PlacesNavigationBarView.swift */ = {isa = PBXFileReference; lastKnownFileType = sourcecode.swift; path = PlacesNavigationBarView.swift; sourceTree = "<group>"; };
		A4F86ADD2BC44890001B5AF0 /* PlacesHomeView.swift */ = {isa = PBXFileReference; lastKnownFileType = sourcecode.swift; path = PlacesHomeView.swift; sourceTree = "<group>"; };
		A4FA0D1C2BB7153D0084AD1A /* ContactCellView.swift */ = {isa = PBXFileReference; lastKnownFileType = sourcecode.swift; path = ContactCellView.swift; sourceTree = "<group>"; };
		A4FA0D1E2BB717FE0084AD1A /* ContactDetailView.swift */ = {isa = PBXFileReference; lastKnownFileType = sourcecode.swift; path = ContactDetailView.swift; sourceTree = "<group>"; };
		A4FA0D3F2BB720360084AD1A /* Persistence.swift */ = {isa = PBXFileReference; fileEncoding = 4; lastKnownFileType = sourcecode.swift; path = Persistence.swift; sourceTree = "<group>"; };
/* End PBXFileReference section */

/* Begin PBXFrameworksBuildPhase section */
		A4E1185E2B87A9790008E2AB /* Frameworks */ = {
			isa = PBXFrameworksBuildPhase;
			buildActionMask = 2147483647;
			files = (
			);
			runOnlyForDeploymentPostprocessing = 0;
		};
/* End PBXFrameworksBuildPhase section */

/* Begin PBXGroup section */
		A42953782BB5CF9C000F0D60 /* Views */ = {
			isa = PBXGroup;
			children = (
				A42953792BB5CFD1000F0D60 /* ContactFormView.swift */,
				A4FA0D1C2BB7153D0084AD1A /* ContactCellView.swift */,
				A4FA0D1E2BB717FE0084AD1A /* ContactDetailView.swift */,
			);
			path = Views;
			sourceTree = "<group>";
		};
		A42FA3D72BB32C3800CFBFEE /* Models */ = {
			isa = PBXGroup;
			children = (
				A42FA3D82BB32C4D00CFBFEE /* Contact.swift */,
				A4F86AD52BC4454F001B5AF0 /* Place.swift */,
			);
			path = Models;
			sourceTree = "<group>";
		};
		A4D25FB12BD2E3FF00278358 /* Maps */ = {
			isa = PBXGroup;
			children = (
				A4D25FB42BD2E42B00278358 /* MapMenuView.swift */,
				A4D25FB62BD2E47700278358 /* MapView.swift */,
				A4D25FB82BD2E4A200278358 /* LocationView.swift */,
				A4D25FBA2BD2E51200278358 /* UIKitMapView.swift */,
			);
			path = Maps;
			sourceTree = "<group>";
		};
		A4E118582B87A9790008E2AB = {
			isa = PBXGroup;
			children = (
				A4E118632B87A9790008E2AB /* SwiftUIBasics */,
				A4E118622B87A9790008E2AB /* Products */,
			);
			sourceTree = "<group>";
		};
		A4E118622B87A9790008E2AB /* Products */ = {
			isa = PBXGroup;
			children = (
				A4E118612B87A9790008E2AB /* SwiftUIBasics.app */,
			);
			name = Products;
			sourceTree = "<group>";
		};
		A4E118632B87A9790008E2AB /* SwiftUIBasics */ = {
			isa = PBXGroup;
			children = (
				A4F86AD12BC44494001B5AF0 /* Modules */,
				A42953782BB5CF9C000F0D60 /* Views */,
				A42FA3D72BB32C3800CFBFEE /* Models */,
				A42953762BB5CF86000F0D60 /* ContactsView.swift */,
				A4FA0D3F2BB720360084AD1A /* Persistence.swift */,
				A4E118642B87A9790008E2AB /* SwiftUIBasicsApp.swift */,
				A4314D662BA9E99B008969CE /* MenuView.swift */,
				A4E118662B87A9790008E2AB /* ContentView.swift */,
				A4E118682B87A97A0008E2AB /* Assets.xcassets */,
				A42D65472B8E448B00F996AA /* LaunchScreen.storyboard */,
				A4E1186A2B87A97A0008E2AB /* Preview Content */,
				A4F2562C2B9236A200DC8791 /* Song.swift */,
				A428B1112B96266D00BA62CA /* RandomNumber.swift */,
				A43215602B9A16EB008F4124 /* CounterView.swift */,
				A453FDEE2B9B710000BC02BC /* SecondCounterView.swift */,
				A4314D682BA9EBA2008969CE /* Topic.swift */,
				A49139602BAB363900C7D701 /* DarkModeView.swift */,
				A42FA3D42BB329FB00CFBFEE /* Contacts.xcdatamodeld */,
			);
			path = SwiftUIBasics;
			sourceTree = "<group>";
		};
		A4E1186A2B87A97A0008E2AB /* Preview Content */ = {
			isa = PBXGroup;
			children = (
				A4E1186B2B87A97A0008E2AB /* Preview Assets.xcassets */,
			);
			path = "Preview Content";
			sourceTree = "<group>";
		};
		A4F86AD12BC44494001B5AF0 /* Modules */ = {
			isa = PBXGroup;
			children = (
				A4D25FB12BD2E3FF00278358 /* Maps */,
				A4F86AD22BC4449B001B5AF0 /* CoreDataImages */,
			);
			path = Modules;
			sourceTree = "<group>";
		};
		A4F86AD22BC4449B001B5AF0 /* CoreDataImages */ = {
			isa = PBXGroup;
			children = (
				A4F86AD72BC445AF001B5AF0 /* PlacesView.swift */,
				A4F86ADD2BC44890001B5AF0 /* PlacesHomeView.swift */,
				A4F86AD92BC445C0001B5AF0 /* PlaceFormView.swift */,
				A4F86ADB2BC445F1001B5AF0 /* PlacesNavigationBarView.swift */,
			);
			path = CoreDataImages;
			sourceTree = "<group>";
		};
/* End PBXGroup section */

/* Begin PBXNativeTarget section */
		A4E118602B87A9790008E2AB /* SwiftUIBasics */ = {
			isa = PBXNativeTarget;
			buildConfigurationList = A4E1186F2B87A97A0008E2AB /* Build configuration list for PBXNativeTarget "SwiftUIBasics" */;
			buildPhases = (
				A4E1185D2B87A9790008E2AB /* Sources */,
				A4E1185E2B87A9790008E2AB /* Frameworks */,
				A4E1185F2B87A9790008E2AB /* Resources */,
			);
			buildRules = (
			);
			dependencies = (
			);
			name = SwiftUIBasics;
			productName = SwiftUIBasics;
			productReference = A4E118612B87A9790008E2AB /* SwiftUIBasics.app */;
			productType = "com.apple.product-type.application";
		};
/* End PBXNativeTarget section */

/* Begin PBXProject section */
		A4E118592B87A9790008E2AB /* Project object */ = {
			isa = PBXProject;
			attributes = {
				BuildIndependentTargetsInParallel = 1;
				LastSwiftUpdateCheck = 1520;
				LastUpgradeCheck = 1520;
				TargetAttributes = {
					A4E118602B87A9790008E2AB = {
						CreatedOnToolsVersion = 15.2;
					};
				};
			};
			buildConfigurationList = A4E1185C2B87A9790008E2AB /* Build configuration list for PBXProject "SwiftUIBasics" */;
			compatibilityVersion = "Xcode 14.0";
			developmentRegion = en;
			hasScannedForEncodings = 0;
			knownRegions = (
				en,
				Base,
			);
			mainGroup = A4E118582B87A9790008E2AB;
			productRefGroup = A4E118622B87A9790008E2AB /* Products */;
			projectDirPath = "";
			projectRoot = "";
			targets = (
				A4E118602B87A9790008E2AB /* SwiftUIBasics */,
			);
		};
/* End PBXProject section */

/* Begin PBXResourcesBuildPhase section */
		A4E1185F2B87A9790008E2AB /* Resources */ = {
			isa = PBXResourcesBuildPhase;
			buildActionMask = 2147483647;
			files = (
				A42D65482B8E448B00F996AA /* LaunchScreen.storyboard in Resources */,
				A4E1186C2B87A97A0008E2AB /* Preview Assets.xcassets in Resources */,
				A4E118692B87A97A0008E2AB /* Assets.xcassets in Resources */,
			);
			runOnlyForDeploymentPostprocessing = 0;
		};
/* End PBXResourcesBuildPhase section */

/* Begin PBXSourcesBuildPhase section */
		A4E1185D2B87A9790008E2AB /* Sources */ = {
			isa = PBXSourcesBuildPhase;
			buildActionMask = 2147483647;
			files = (
				A4F86ADC2BC445F1001B5AF0 /* PlacesNavigationBarView.swift in Sources */,
				A4D25FB92BD2E4A200278358 /* LocationView.swift in Sources */,
				A4314D672BA9E99B008969CE /* MenuView.swift in Sources */,
				A4FA0D402BB720360084AD1A /* Persistence.swift in Sources */,
				A4FA0D1D2BB7153D0084AD1A /* ContactCellView.swift in Sources */,
				A428B1122B96266D00BA62CA /* RandomNumber.swift in Sources */,
				A49139612BAB363900C7D701 /* DarkModeView.swift in Sources */,
				A42953772BB5CF86000F0D60 /* ContactsView.swift in Sources */,
				A4F2562D2B9236A200DC8791 /* Song.swift in Sources */,
				A42FA3D62BB329FB00CFBFEE /* Contacts.xcdatamodeld in Sources */,
				A4D25FB72BD2E47700278358 /* MapView.swift in Sources */,
				A4E118672B87A9790008E2AB /* ContentView.swift in Sources */,
				A4D25FBB2BD2E51200278358 /* UIKitMapView.swift in Sources */,
				A4F86AD62BC4454F001B5AF0 /* Place.swift in Sources */,
				A4F86ADE2BC44890001B5AF0 /* PlacesHomeView.swift in Sources */,
				A42FA3D92BB32C4D00CFBFEE /* Contact.swift in Sources */,
				A4FA0D1F2BB717FE0084AD1A /* ContactDetailView.swift in Sources */,
				A4F86AD82BC445AF001B5AF0 /* PlacesView.swift in Sources */,
				A453FDEF2B9B710000BC02BC /* SecondCounterView.swift in Sources */,
				A4D25FB52BD2E42B00278358 /* MapMenuView.swift in Sources */,
				A4314D692BA9EBA2008969CE /* Topic.swift in Sources */,
				A4F86ADA2BC445C0001B5AF0 /* PlaceFormView.swift in Sources */,
				A429537A2BB5CFD1000F0D60 /* ContactFormView.swift in Sources */,
				A4E118652B87A9790008E2AB /* SwiftUIBasicsApp.swift in Sources */,
				A43215612B9A16EB008F4124 /* CounterView.swift in Sources */,
			);
			runOnlyForDeploymentPostprocessing = 0;
		};
/* End PBXSourcesBuildPhase section */

/* Begin XCBuildConfiguration section */
		A4E1186D2B87A97A0008E2AB /* Debug */ = {
			isa = XCBuildConfiguration;
			buildSettings = {
				ALWAYS_SEARCH_USER_PATHS = NO;
				ASSETCATALOG_COMPILER_GENERATE_SWIFT_ASSET_SYMBOL_EXTENSIONS = YES;
				CLANG_ANALYZER_NONNULL = YES;
				CLANG_ANALYZER_NUMBER_OBJECT_CONVERSION = YES_AGGRESSIVE;
				CLANG_CXX_LANGUAGE_STANDARD = "gnu++20";
				CLANG_ENABLE_MODULES = YES;
				CLANG_ENABLE_OBJC_ARC = YES;
				CLANG_ENABLE_OBJC_WEAK = YES;
				CLANG_WARN_BLOCK_CAPTURE_AUTORELEASING = YES;
				CLANG_WARN_BOOL_CONVERSION = YES;
				CLANG_WARN_COMMA = YES;
				CLANG_WARN_CONSTANT_CONVERSION = YES;
				CLANG_WARN_DEPRECATED_OBJC_IMPLEMENTATIONS = YES;
				CLANG_WARN_DIRECT_OBJC_ISA_USAGE = YES_ERROR;
				CLANG_WARN_DOCUMENTATION_COMMENTS = YES;
				CLANG_WARN_EMPTY_BODY = YES;
				CLANG_WARN_ENUM_CONVERSION = YES;
				CLANG_WARN_INFINITE_RECURSION = YES;
				CLANG_WARN_INT_CONVERSION = YES;
				CLANG_WARN_NON_LITERAL_NULL_CONVERSION = YES;
				CLANG_WARN_OBJC_IMPLICIT_RETAIN_SELF = YES;
				CLANG_WARN_OBJC_LITERAL_CONVERSION = YES;
				CLANG_WARN_OBJC_ROOT_CLASS = YES_ERROR;
				CLANG_WARN_QUOTED_INCLUDE_IN_FRAMEWORK_HEADER = YES;
				CLANG_WARN_RANGE_LOOP_ANALYSIS = YES;
				CLANG_WARN_STRICT_PROTOTYPES = YES;
				CLANG_WARN_SUSPICIOUS_MOVE = YES;
				CLANG_WARN_UNGUARDED_AVAILABILITY = YES_AGGRESSIVE;
				CLANG_WARN_UNREACHABLE_CODE = YES;
				CLANG_WARN__DUPLICATE_METHOD_MATCH = YES;
				COPY_PHASE_STRIP = NO;
				DEBUG_INFORMATION_FORMAT = dwarf;
				ENABLE_STRICT_OBJC_MSGSEND = YES;
				ENABLE_TESTABILITY = YES;
				ENABLE_USER_SCRIPT_SANDBOXING = YES;
				GCC_C_LANGUAGE_STANDARD = gnu17;
				GCC_DYNAMIC_NO_PIC = NO;
				GCC_NO_COMMON_BLOCKS = YES;
				GCC_OPTIMIZATION_LEVEL = 0;
				GCC_PREPROCESSOR_DEFINITIONS = (
					"DEBUG=1",
					"$(inherited)",
				);
				GCC_WARN_64_TO_32_BIT_CONVERSION = YES;
				GCC_WARN_ABOUT_RETURN_TYPE = YES_ERROR;
				GCC_WARN_UNDECLARED_SELECTOR = YES;
				GCC_WARN_UNINITIALIZED_AUTOS = YES_AGGRESSIVE;
				GCC_WARN_UNUSED_FUNCTION = YES;
				GCC_WARN_UNUSED_VARIABLE = YES;
				IPHONEOS_DEPLOYMENT_TARGET = 17.2;
				LOCALIZATION_PREFERS_STRING_CATALOGS = YES;
				MTL_ENABLE_DEBUG_INFO = INCLUDE_SOURCE;
				MTL_FAST_MATH = YES;
				ONLY_ACTIVE_ARCH = YES;
				SDKROOT = iphoneos;
				SWIFT_ACTIVE_COMPILATION_CONDITIONS = "DEBUG $(inherited)";
				SWIFT_OPTIMIZATION_LEVEL = "-Onone";
			};
			name = Debug;
		};
		A4E1186E2B87A97A0008E2AB /* Release */ = {
			isa = XCBuildConfiguration;
			buildSettings = {
				ALWAYS_SEARCH_USER_PATHS = NO;
				ASSETCATALOG_COMPILER_GENERATE_SWIFT_ASSET_SYMBOL_EXTENSIONS = YES;
				CLANG_ANALYZER_NONNULL = YES;
				CLANG_ANALYZER_NUMBER_OBJECT_CONVERSION = YES_AGGRESSIVE;
				CLANG_CXX_LANGUAGE_STANDARD = "gnu++20";
				CLANG_ENABLE_MODULES = YES;
				CLANG_ENABLE_OBJC_ARC = YES;
				CLANG_ENABLE_OBJC_WEAK = YES;
				CLANG_WARN_BLOCK_CAPTURE_AUTORELEASING = YES;
				CLANG_WARN_BOOL_CONVERSION = YES;
				CLANG_WARN_COMMA = YES;
				CLANG_WARN_CONSTANT_CONVERSION = YES;
				CLANG_WARN_DEPRECATED_OBJC_IMPLEMENTATIONS = YES;
				CLANG_WARN_DIRECT_OBJC_ISA_USAGE = YES_ERROR;
				CLANG_WARN_DOCUMENTATION_COMMENTS = YES;
				CLANG_WARN_EMPTY_BODY = YES;
				CLANG_WARN_ENUM_CONVERSION = YES;
				CLANG_WARN_INFINITE_RECURSION = YES;
				CLANG_WARN_INT_CONVERSION = YES;
				CLANG_WARN_NON_LITERAL_NULL_CONVERSION = YES;
				CLANG_WARN_OBJC_IMPLICIT_RETAIN_SELF = YES;
				CLANG_WARN_OBJC_LITERAL_CONVERSION = YES;
				CLANG_WARN_OBJC_ROOT_CLASS = YES_ERROR;
				CLANG_WARN_QUOTED_INCLUDE_IN_FRAMEWORK_HEADER = YES;
				CLANG_WARN_RANGE_LOOP_ANALYSIS = YES;
				CLANG_WARN_STRICT_PROTOTYPES = YES;
				CLANG_WARN_SUSPICIOUS_MOVE = YES;
				CLANG_WARN_UNGUARDED_AVAILABILITY = YES_AGGRESSIVE;
				CLANG_WARN_UNREACHABLE_CODE = YES;
				CLANG_WARN__DUPLICATE_METHOD_MATCH = YES;
				COPY_PHASE_STRIP = NO;
				DEBUG_INFORMATION_FORMAT = "dwarf-with-dsym";
				ENABLE_NS_ASSERTIONS = NO;
				ENABLE_STRICT_OBJC_MSGSEND = YES;
				ENABLE_USER_SCRIPT_SANDBOXING = YES;
				GCC_C_LANGUAGE_STANDARD = gnu17;
				GCC_NO_COMMON_BLOCKS = YES;
				GCC_WARN_64_TO_32_BIT_CONVERSION = YES;
				GCC_WARN_ABOUT_RETURN_TYPE = YES_ERROR;
				GCC_WARN_UNDECLARED_SELECTOR = YES;
				GCC_WARN_UNINITIALIZED_AUTOS = YES_AGGRESSIVE;
				GCC_WARN_UNUSED_FUNCTION = YES;
				GCC_WARN_UNUSED_VARIABLE = YES;
				IPHONEOS_DEPLOYMENT_TARGET = 17.2;
				LOCALIZATION_PREFERS_STRING_CATALOGS = YES;
				MTL_ENABLE_DEBUG_INFO = NO;
				MTL_FAST_MATH = YES;
				SDKROOT = iphoneos;
				SWIFT_COMPILATION_MODE = wholemodule;
				VALIDATE_PRODUCT = YES;
			};
			name = Release;
		};
		A4E118702B87A97A0008E2AB /* Debug */ = {
			isa = XCBuildConfiguration;
			buildSettings = {
				ASSETCATALOG_COMPILER_APPICON_NAME = AppIcon;
				ASSETCATALOG_COMPILER_GLOBAL_ACCENT_COLOR_NAME = AccentColor;
				CODE_SIGN_STYLE = Automatic;
				CURRENT_PROJECT_VERSION = 1;
				DEVELOPMENT_ASSET_PATHS = "\"SwiftUIBasics/Preview Content\"";
				DEVELOPMENT_TEAM = W8UT8UK49Y;
				ENABLE_PREVIEWS = YES;
				GENERATE_INFOPLIST_FILE = YES;
				INFOPLIST_KEY_UIApplicationSceneManifest_Generation = YES;
				INFOPLIST_KEY_UIApplicationSupportsIndirectInputEvents = YES;
				INFOPLIST_KEY_UILaunchScreen_Generation = YES;
				INFOPLIST_KEY_UILaunchStoryboardName = LaunchScreen.storyboard;
				INFOPLIST_KEY_UISupportedInterfaceOrientations_iPad = "UIInterfaceOrientationPortrait UIInterfaceOrientationPortraitUpsideDown UIInterfaceOrientationLandscapeLeft UIInterfaceOrientationLandscapeRight";
				INFOPLIST_KEY_UISupportedInterfaceOrientations_iPhone = "UIInterfaceOrientationPortrait UIInterfaceOrientationLandscapeLeft UIInterfaceOrientationLandscapeRight";
				LD_RUNPATH_SEARCH_PATHS = (
					"$(inherited)",
					"@executable_path/Frameworks",
				);
				MARKETING_VERSION = 1.0;
				PRODUCT_BUNDLE_IDENTIFIER = com.ur13l96.SwiftUIBasics;
				PRODUCT_NAME = "$(TARGET_NAME)";
				SWIFT_EMIT_LOC_STRINGS = YES;
				SWIFT_VERSION = 5.0;
				TARGETED_DEVICE_FAMILY = "1,2";
			};
			name = Debug;
		};
		A4E118712B87A97A0008E2AB /* Release */ = {
			isa = XCBuildConfiguration;
			buildSettings = {
				ASSETCATALOG_COMPILER_APPICON_NAME = AppIcon;
				ASSETCATALOG_COMPILER_GLOBAL_ACCENT_COLOR_NAME = AccentColor;
				CODE_SIGN_STYLE = Automatic;
				CURRENT_PROJECT_VERSION = 1;
				DEVELOPMENT_ASSET_PATHS = "\"SwiftUIBasics/Preview Content\"";
				DEVELOPMENT_TEAM = W8UT8UK49Y;
				ENABLE_PREVIEWS = YES;
				GENERATE_INFOPLIST_FILE = YES;
				INFOPLIST_KEY_UIApplicationSceneManifest_Generation = YES;
				INFOPLIST_KEY_UIApplicationSupportsIndirectInputEvents = YES;
				INFOPLIST_KEY_UILaunchScreen_Generation = YES;
				INFOPLIST_KEY_UILaunchStoryboardName = LaunchScreen.storyboard;
				INFOPLIST_KEY_UISupportedInterfaceOrientations_iPad = "UIInterfaceOrientationPortrait UIInterfaceOrientationPortraitUpsideDown UIInterfaceOrientationLandscapeLeft UIInterfaceOrientationLandscapeRight";
				INFOPLIST_KEY_UISupportedInterfaceOrientations_iPhone = "UIInterfaceOrientationPortrait UIInterfaceOrientationLandscapeLeft UIInterfaceOrientationLandscapeRight";
				LD_RUNPATH_SEARCH_PATHS = (
					"$(inherited)",
					"@executable_path/Frameworks",
				);
				MARKETING_VERSION = 1.0;
				PRODUCT_BUNDLE_IDENTIFIER = com.ur13l96.SwiftUIBasics;
				PRODUCT_NAME = "$(TARGET_NAME)";
				SWIFT_EMIT_LOC_STRINGS = YES;
				SWIFT_VERSION = 5.0;
				TARGETED_DEVICE_FAMILY = "1,2";
			};
			name = Release;
		};
/* End XCBuildConfiguration section */

/* Begin XCConfigurationList section */
		A4E1185C2B87A9790008E2AB /* Build configuration list for PBXProject "SwiftUIBasics" */ = {
			isa = XCConfigurationList;
			buildConfigurations = (
				A4E1186D2B87A97A0008E2AB /* Debug */,
				A4E1186E2B87A97A0008E2AB /* Release */,
			);
			defaultConfigurationIsVisible = 0;
			defaultConfigurationName = Release;
		};
		A4E1186F2B87A97A0008E2AB /* Build configuration list for PBXNativeTarget "SwiftUIBasics" */ = {
			isa = XCConfigurationList;
			buildConfigurations = (
				A4E118702B87A97A0008E2AB /* Debug */,
				A4E118712B87A97A0008E2AB /* Release */,
			);
			defaultConfigurationIsVisible = 0;
			defaultConfigurationName = Release;
		};
/* End XCConfigurationList section */

/* Begin XCVersionGroup section */
		A42FA3D42BB329FB00CFBFEE /* Contacts.xcdatamodeld */ = {
			isa = XCVersionGroup;
			children = (
				A42FA3D52BB329FB00CFBFEE /* Contacts.xcdatamodel */,
			);
			currentVersion = A42FA3D52BB329FB00CFBFEE /* Contacts.xcdatamodel */;
			path = Contacts.xcdatamodeld;
			sourceTree = "<group>";
			versionGroupType = wrapper.xcdatamodel;
		};
/* End XCVersionGroup section */
	};
	rootObject = A4E118592B87A9790008E2AB /* Project object */;
}
